// !$*UTF8*$!
{
	archiveVersion = 1;
	classes = {
	};
	objectVersion = 56;
	objects = {

/* Begin PBXBuildFile section */
		02BF5B0F2A79341600BE650C /* DivideTwoNumbers.swift in Sources */ = {isa = PBXBuildFile; fileRef = 02BF5B0E2A79341600BE650C /* DivideTwoNumbers.swift */; };
		02BF5B112A79345600BE650C /* CompareTwoNumbers.swift in Sources */ = {isa = PBXBuildFile; fileRef = 02BF5B102A79345600BE650C /* CompareTwoNumbers.swift */; };
		02BF5B132A79356000BE650C /* AdditionOfFractions.swift in Sources */ = {isa = PBXBuildFile; fileRef = 02BF5B122A79356000BE650C /* AdditionOfFractions.swift */; };
		02BF5B152A7935BD00BE650C /* MakeDoubleArray.swift in Sources */ = {isa = PBXBuildFile; fileRef = 02BF5B142A7935BD00BE650C /* MakeDoubleArray.swift */; };
		02BF5B182A79388300BE650C /* GetTheRemainder.swift in Sources */ = {isa = PBXBuildFile; fileRef = 02BF5B172A79388300BE650C /* GetTheRemainder.swift */; };
		02BF5B1A2A7938B200BE650C /* GetCenterValue.swift in Sources */ = {isa = PBXBuildFile; fileRef = 02BF5B192A7938B200BE650C /* GetCenterValue.swift */; };
		02BF5B1C2A7938F400BE650C /* FindTheMostFrequentValue.swift in Sources */ = {isa = PBXBuildFile; fileRef = 02BF5B1B2A7938F400BE650C /* FindTheMostFrequentValue.swift */; };
		02BF5B1E2A79392B00BE650C /* IHateEvenNumber.swift in Sources */ = {isa = PBXBuildFile; fileRef = 02BF5B1D2A79392B00BE650C /* IHateEvenNumber.swift */; };
		02F31B742A189E1B00312152 /* main.swift in Sources */ = {isa = PBXBuildFile; fileRef = 02F31B732A189E1B00312152 /* main.swift */; };
		02F31B812A18A1D500312152 /* FourArithmeticOperations.swift in Sources */ = {isa = PBXBuildFile; fileRef = 02F31B802A18A1D500312152 /* FourArithmeticOperations.swift */; };
/* End PBXBuildFile section */

/* Begin PBXCopyFilesBuildPhase section */
		02F31B6E2A189E1B00312152 /* CopyFiles */ = {
			isa = PBXCopyFilesBuildPhase;
			buildActionMask = 2147483647;
			dstPath = /usr/share/man/man1/;
			dstSubfolderSpec = 0;
			files = (
			);
			runOnlyForDeploymentPostprocessing = 1;
		};
/* End PBXCopyFilesBuildPhase section */

/* Begin PBXFileReference section */
		02BF5B0E2A79341600BE650C /* DivideTwoNumbers.swift */ = {isa = PBXFileReference; lastKnownFileType = sourcecode.swift; path = DivideTwoNumbers.swift; sourceTree = "<group>"; };
		02BF5B102A79345600BE650C /* CompareTwoNumbers.swift */ = {isa = PBXFileReference; lastKnownFileType = sourcecode.swift; path = CompareTwoNumbers.swift; sourceTree = "<group>"; };
		02BF5B122A79356000BE650C /* AdditionOfFractions.swift */ = {isa = PBXFileReference; lastKnownFileType = sourcecode.swift; path = AdditionOfFractions.swift; sourceTree = "<group>"; };
		02BF5B142A7935BD00BE650C /* MakeDoubleArray.swift */ = {isa = PBXFileReference; lastKnownFileType = sourcecode.swift; path = MakeDoubleArray.swift; sourceTree = "<group>"; };
		02BF5B172A79388300BE650C /* GetTheRemainder.swift */ = {isa = PBXFileReference; lastKnownFileType = sourcecode.swift; path = GetTheRemainder.swift; sourceTree = "<group>"; };
		02BF5B192A7938B200BE650C /* GetCenterValue.swift */ = {isa = PBXFileReference; lastKnownFileType = sourcecode.swift; path = GetCenterValue.swift; sourceTree = "<group>"; };
		02BF5B1B2A7938F400BE650C /* FindTheMostFrequentValue.swift */ = {isa = PBXFileReference; lastKnownFileType = sourcecode.swift; path = FindTheMostFrequentValue.swift; sourceTree = "<group>"; };
		02BF5B1D2A79392B00BE650C /* IHateEvenNumber.swift */ = {isa = PBXFileReference; lastKnownFileType = sourcecode.swift; path = IHateEvenNumber.swift; sourceTree = "<group>"; };
		02F31B702A189E1B00312152 /* Programmers */ = {isa = PBXFileReference; explicitFileType = "compiled.mach-o.executable"; includeInIndex = 0; path = Programmers; sourceTree = BUILT_PRODUCTS_DIR; };
		02F31B732A189E1B00312152 /* main.swift */ = {isa = PBXFileReference; lastKnownFileType = sourcecode.swift; path = main.swift; sourceTree = "<group>"; };
		02F31B802A18A1D500312152 /* FourArithmeticOperations.swift */ = {isa = PBXFileReference; lastKnownFileType = sourcecode.swift; path = FourArithmeticOperations.swift; sourceTree = "<group>"; };
/* End PBXFileReference section */

/* Begin PBXFrameworksBuildPhase section */
		02F31B6D2A189E1B00312152 /* Frameworks */ = {
			isa = PBXFrameworksBuildPhase;
			buildActionMask = 2147483647;
			files = (
			);
			runOnlyForDeploymentPostprocessing = 0;
		};
/* End PBXFrameworksBuildPhase section */

/* Begin PBXGroup section */
		02BF5B0D2A7933A200BE650C /* Day02 */ = {
			isa = PBXGroup;
			children = (
				02BF5B0E2A79341600BE650C /* DivideTwoNumbers.swift */,
				02BF5B102A79345600BE650C /* CompareTwoNumbers.swift */,
				02BF5B122A79356000BE650C /* AdditionOfFractions.swift */,
				02BF5B142A7935BD00BE650C /* MakeDoubleArray.swift */,
			);
			path = Day02;
			sourceTree = "<group>";
		};
		02BF5B162A79386300BE650C /* Day03 */ = {
			isa = PBXGroup;
			children = (
				02BF5B172A79388300BE650C /* GetTheRemainder.swift */,
				02BF5B192A7938B200BE650C /* GetCenterValue.swift */,
				02BF5B1B2A7938F400BE650C /* FindTheMostFrequentValue.swift */,
				02BF5B1D2A79392B00BE650C /* IHateEvenNumber.swift */,
			);
			path = Day03;
			sourceTree = "<group>";
		};
		02F31B672A189E1B00312152 = {
			isa = PBXGroup;
			children = (
				02F31B722A189E1B00312152 /* Programmers */,
				02F31B712A189E1B00312152 /* Products */,
			);
			sourceTree = "<group>";
		};
		02F31B712A189E1B00312152 /* Products */ = {
			isa = PBXGroup;
			children = (
				02F31B702A189E1B00312152 /* Programmers */,
			);
			name = Products;
			sourceTree = "<group>";
		};
		02F31B722A189E1B00312152 /* Programmers */ = {
			isa = PBXGroup;
			children = (
				02F31B732A189E1B00312152 /* main.swift */,
				02F31B7A2A189E2100312152 /* LevelZero */,
			);
			path = Programmers;
			sourceTree = "<group>";
		};
		02F31B7A2A189E2100312152 /* LevelZero */ = {
			isa = PBXGroup;
			children = (
				02BF5B162A79386300BE650C /* Day03 */,
				02BF5B0D2A7933A200BE650C /* Day02 */,
				02F31B7D2A189F0600312152 /* Day01 */,
			);
			path = LevelZero;
			sourceTree = "<group>";
		};
		02F31B7D2A189F0600312152 /* Day01 */ = {
			isa = PBXGroup;
			children = (
				02F31B802A18A1D500312152 /* FourArithmeticOperations.swift */,
			);
			path = Day01;
			sourceTree = "<group>";
		};
/* End PBXGroup section */

/* Begin PBXNativeTarget section */
		02F31B6F2A189E1B00312152 /* Programmers */ = {
			isa = PBXNativeTarget;
			buildConfigurationList = 02F31B772A189E1B00312152 /* Build configuration list for PBXNativeTarget "Programmers" */;
			buildPhases = (
				02F31B6C2A189E1B00312152 /* Sources */,
				02F31B6D2A189E1B00312152 /* Frameworks */,
				02F31B6E2A189E1B00312152 /* CopyFiles */,
			);
			buildRules = (
			);
			dependencies = (
			);
			name = Programmers;
			productName = Programmers;
			productReference = 02F31B702A189E1B00312152 /* Programmers */;
			productType = "com.apple.product-type.tool";
		};
/* End PBXNativeTarget section */

/* Begin PBXProject section */
		02F31B682A189E1B00312152 /* Project object */ = {
			isa = PBXProject;
			attributes = {
				BuildIndependentTargetsInParallel = 1;
				LastSwiftUpdateCheck = 1420;
				LastUpgradeCheck = 1420;
				TargetAttributes = {
					02F31B6F2A189E1B00312152 = {
						CreatedOnToolsVersion = 14.2;
					};
				};
			};
			buildConfigurationList = 02F31B6B2A189E1B00312152 /* Build configuration list for PBXProject "Programmers" */;
			compatibilityVersion = "Xcode 14.0";
			developmentRegion = en;
			hasScannedForEncodings = 0;
			knownRegions = (
				en,
				Base,
			);
			mainGroup = 02F31B672A189E1B00312152;
			productRefGroup = 02F31B712A189E1B00312152 /* Products */;
			projectDirPath = "";
			projectRoot = "";
			targets = (
				02F31B6F2A189E1B00312152 /* Programmers */,
			);
		};
/* End PBXProject section */

/* Begin PBXSourcesBuildPhase section */
		02F31B6C2A189E1B00312152 /* Sources */ = {
			isa = PBXSourcesBuildPhase;
			buildActionMask = 2147483647;
			files = (
				02F31B742A189E1B00312152 /* main.swift in Sources */,
				02F31B812A18A1D500312152 /* FourArithmeticOperations.swift in Sources */,
				02BF5B182A79388300BE650C /* GetTheRemainder.swift in Sources */,
				02BF5B1C2A7938F400BE650C /* FindTheMostFrequentValue.swift in Sources */,
				02BF5B152A7935BD00BE650C /* MakeDoubleArray.swift in Sources */,
				02BF5B132A79356000BE650C /* AdditionOfFractions.swift in Sources */,
				02BF5B1A2A7938B200BE650C /* GetCenterValue.swift in Sources */,
				02BF5B0F2A79341600BE650C /* DivideTwoNumbers.swift in Sources */,
				02BF5B1E2A79392B00BE650C /* IHateEvenNumber.swift in Sources */,
				02BF5B112A79345600BE650C /* CompareTwoNumbers.swift in Sources */,
			);
			runOnlyForDeploymentPostprocessing = 0;
		};
/* End PBXSourcesBuildPhase section */

/* Begin XCBuildConfiguration section */
		02F31B752A189E1B00312152 /* Debug */ = {
			isa = XCBuildConfiguration;
			buildSettings = {
				ALWAYS_SEARCH_USER_PATHS = NO;
				CLANG_ANALYZER_NONNULL = YES;
				CLANG_ANALYZER_NUMBER_OBJECT_CONVERSION = YES_AGGRESSIVE;
				CLANG_CXX_LANGUAGE_STANDARD = "gnu++20";
				CLANG_ENABLE_MODULES = YES;
				CLANG_ENABLE_OBJC_ARC = YES;
				CLANG_ENABLE_OBJC_WEAK = YES;
				CLANG_WARN_BLOCK_CAPTURE_AUTORELEASING = YES;
				CLANG_WARN_BOOL_CONVERSION = YES;
				CLANG_WARN_COMMA = YES;
				CLANG_WARN_CONSTANT_CONVERSION = YES;
				CLANG_WARN_DEPRECATED_OBJC_IMPLEMENTATIONS = YES;
				CLANG_WARN_DIRECT_OBJC_ISA_USAGE = YES_ERROR;
				CLANG_WARN_DOCUMENTATION_COMMENTS = YES;
				CLANG_WARN_EMPTY_BODY = YES;
				CLANG_WARN_ENUM_CONVERSION = YES;
				CLANG_WARN_INFINITE_RECURSION = YES;
				CLANG_WARN_INT_CONVERSION = YES;
				CLANG_WARN_NON_LITERAL_NULL_CONVERSION = YES;
				CLANG_WARN_OBJC_IMPLICIT_RETAIN_SELF = YES;
				CLANG_WARN_OBJC_LITERAL_CONVERSION = YES;
				CLANG_WARN_OBJC_ROOT_CLASS = YES_ERROR;
				CLANG_WARN_QUOTED_INCLUDE_IN_FRAMEWORK_HEADER = YES;
				CLANG_WARN_RANGE_LOOP_ANALYSIS = YES;
				CLANG_WARN_STRICT_PROTOTYPES = YES;
				CLANG_WARN_SUSPICIOUS_MOVE = YES;
				CLANG_WARN_UNGUARDED_AVAILABILITY = YES_AGGRESSIVE;
				CLANG_WARN_UNREACHABLE_CODE = YES;
				CLANG_WARN__DUPLICATE_METHOD_MATCH = YES;
				COPY_PHASE_STRIP = NO;
				DEBUG_INFORMATION_FORMAT = dwarf;
				ENABLE_STRICT_OBJC_MSGSEND = YES;
				ENABLE_TESTABILITY = YES;
				GCC_C_LANGUAGE_STANDARD = gnu11;
				GCC_DYNAMIC_NO_PIC = NO;
				GCC_NO_COMMON_BLOCKS = YES;
				GCC_OPTIMIZATION_LEVEL = 0;
				GCC_PREPROCESSOR_DEFINITIONS = (
					"DEBUG=1",
					"$(inherited)",
				);
				GCC_WARN_64_TO_32_BIT_CONVERSION = YES;
				GCC_WARN_ABOUT_RETURN_TYPE = YES_ERROR;
				GCC_WARN_UNDECLARED_SELECTOR = YES;
				GCC_WARN_UNINITIALIZED_AUTOS = YES_AGGRESSIVE;
				GCC_WARN_UNUSED_FUNCTION = YES;
				GCC_WARN_UNUSED_VARIABLE = YES;
				MACOSX_DEPLOYMENT_TARGET = 13.1;
				MTL_ENABLE_DEBUG_INFO = INCLUDE_SOURCE;
				MTL_FAST_MATH = YES;
				ONLY_ACTIVE_ARCH = YES;
				SDKROOT = macosx;
				SWIFT_ACTIVE_COMPILATION_CONDITIONS = DEBUG;
				SWIFT_OPTIMIZATION_LEVEL = "-Onone";
			};
			name = Debug;
		};
		02F31B762A189E1B00312152 /* Release */ = {
			isa = XCBuildConfiguration;
			buildSettings = {
				ALWAYS_SEARCH_USER_PATHS = NO;
				CLANG_ANALYZER_NONNULL = YES;
				CLANG_ANALYZER_NUMBER_OBJECT_CONVERSION = YES_AGGRESSIVE;
				CLANG_CXX_LANGUAGE_STANDARD = "gnu++20";
				CLANG_ENABLE_MODULES = YES;
				CLANG_ENABLE_OBJC_ARC = YES;
				CLANG_ENABLE_OBJC_WEAK = YES;
				CLANG_WARN_BLOCK_CAPTURE_AUTORELEASING = YES;
				CLANG_WARN_BOOL_CONVERSION = YES;
				CLANG_WARN_COMMA = YES;
				CLANG_WARN_CONSTANT_CONVERSION = YES;
				CLANG_WARN_DEPRECATED_OBJC_IMPLEMENTATIONS = YES;
				CLANG_WARN_DIRECT_OBJC_ISA_USAGE = YES_ERROR;
				CLANG_WARN_DOCUMENTATION_COMMENTS = YES;
				CLANG_WARN_EMPTY_BODY = YES;
				CLANG_WARN_ENUM_CONVERSION = YES;
				CLANG_WARN_INFINITE_RECURSION = YES;
				CLANG_WARN_INT_CONVERSION = YES;
				CLANG_WARN_NON_LITERAL_NULL_CONVERSION = YES;
				CLANG_WARN_OBJC_IMPLICIT_RETAIN_SELF = YES;
				CLANG_WARN_OBJC_LITERAL_CONVERSION = YES;
				CLANG_WARN_OBJC_ROOT_CLASS = YES_ERROR;
				CLANG_WARN_QUOTED_INCLUDE_IN_FRAMEWORK_HEADER = YES;
				CLANG_WARN_RANGE_LOOP_ANALYSIS = YES;
				CLANG_WARN_STRICT_PROTOTYPES = YES;
				CLANG_WARN_SUSPICIOUS_MOVE = YES;
				CLANG_WARN_UNGUARDED_AVAILABILITY = YES_AGGRESSIVE;
				CLANG_WARN_UNREACHABLE_CODE = YES;
				CLANG_WARN__DUPLICATE_METHOD_MATCH = YES;
				COPY_PHASE_STRIP = NO;
				DEBUG_INFORMATION_FORMAT = "dwarf-with-dsym";
				ENABLE_NS_ASSERTIONS = NO;
				ENABLE_STRICT_OBJC_MSGSEND = YES;
				GCC_C_LANGUAGE_STANDARD = gnu11;
				GCC_NO_COMMON_BLOCKS = YES;
				GCC_WARN_64_TO_32_BIT_CONVERSION = YES;
				GCC_WARN_ABOUT_RETURN_TYPE = YES_ERROR;
				GCC_WARN_UNDECLARED_SELECTOR = YES;
				GCC_WARN_UNINITIALIZED_AUTOS = YES_AGGRESSIVE;
				GCC_WARN_UNUSED_FUNCTION = YES;
				GCC_WARN_UNUSED_VARIABLE = YES;
				MACOSX_DEPLOYMENT_TARGET = 13.1;
				MTL_ENABLE_DEBUG_INFO = NO;
				MTL_FAST_MATH = YES;
				SDKROOT = macosx;
				SWIFT_COMPILATION_MODE = wholemodule;
				SWIFT_OPTIMIZATION_LEVEL = "-O";
			};
			name = Release;
		};
		02F31B782A189E1B00312152 /* Debug */ = {
			isa = XCBuildConfiguration;
			buildSettings = {
				CODE_SIGN_STYLE = Automatic;
				DEVELOPMENT_TEAM = 9U3GTR786Y;
				ENABLE_HARDENED_RUNTIME = YES;
				PRODUCT_NAME = "$(TARGET_NAME)";
				SWIFT_VERSION = 5.0;
			};
			name = Debug;
		};
		02F31B792A189E1B00312152 /* Release */ = {
			isa = XCBuildConfiguration;
			buildSettings = {
				CODE_SIGN_STYLE = Automatic;
				DEVELOPMENT_TEAM = 9U3GTR786Y;
				ENABLE_HARDENED_RUNTIME = YES;
				PRODUCT_NAME = "$(TARGET_NAME)";
				SWIFT_VERSION = 5.0;
			};
			name = Release;
		};
/* End XCBuildConfiguration section */

/* Begin XCConfigurationList section */
		02F31B6B2A189E1B00312152 /* Build configuration list for PBXProject "Programmers" */ = {
			isa = XCConfigurationList;
			buildConfigurations = (
				02F31B752A189E1B00312152 /* Debug */,
				02F31B762A189E1B00312152 /* Release */,
			);
			defaultConfigurationIsVisible = 0;
			defaultConfigurationName = Release;
		};
		02F31B772A189E1B00312152 /* Build configuration list for PBXNativeTarget "Programmers" */ = {
			isa = XCConfigurationList;
			buildConfigurations = (
				02F31B782A189E1B00312152 /* Debug */,
				02F31B792A189E1B00312152 /* Release */,
			);
			defaultConfigurationIsVisible = 0;
			defaultConfigurationName = Release;
		};
/* End XCConfigurationList section */
	};
	rootObject = 02F31B682A189E1B00312152 /* Project object */;
}
