// !$*UTF8*$!
{
	archiveVersion = 1;
	classes = {
	};
	objectVersion = 56;
	objects = {

/* Begin PBXBuildFile section */
		02ABE9AB2A7A0AF400B10E0F /* RemoveSomeString.swift in Sources */ = {isa = PBXBuildFile; fileRef = 02ABE9AA2A7A0AF400B10E0F /* RemoveSomeString.swift */; };
		02ABE9AD2A7A0B5700B10E0F /* Protractor.swift in Sources */ = {isa = PBXBuildFile; fileRef = 02ABE9AC2A7A0B5700B10E0F /* Protractor.swift */; };
		02ABE9AF2A7A0B9700B10E0F /* LambSkewers.swift in Sources */ = {isa = PBXBuildFile; fileRef = 02ABE9AE2A7A0B9700B10E0F /* LambSkewers.swift */; };
		02ABE9B12A7A0BC300B10E0F /* SumOfEvenNumbers.swift in Sources */ = {isa = PBXBuildFile; fileRef = 02ABE9B02A7A0BC300B10E0F /* SumOfEvenNumbers.swift */; };
		02ABE9B32A7A0C3F00B10E0F /* SplitArray.swift in Sources */ = {isa = PBXBuildFile; fileRef = 02ABE9B22A7A0C3F00B10E0F /* SplitArray.swift */; };
		02ABE9B52A7A0C7B00B10E0F /* AgeOfExtraterrestrialPlanet.swift in Sources */ = {isa = PBXBuildFile; fileRef = 02ABE9B42A7A0C7B00B10E0F /* AgeOfExtraterrestrialPlanet.swift */; };
		02ABE9B72A7A0CBE00B10E0F /* SetTheOrderOfCare.swift in Sources */ = {isa = PBXBuildFile; fileRef = 02ABE9B62A7A0CBE00B10E0F /* SetTheOrderOfCare.swift */; };
		02ABE9B92A7A0D1200B10E0F /* OrderedPairCount.swift in Sources */ = {isa = PBXBuildFile; fileRef = 02ABE9B82A7A0D1200B10E0F /* OrderedPairCount.swift */; };
		02ABE9BB2A7A0D8B00B10E0F /* AntsArmy.swift in Sources */ = {isa = PBXBuildFile; fileRef = 02ABE9BA2A7A0D8B00B10E0F /* AntsArmy.swift */; };
		02ABE9BD2A7A0DAB00B10E0F /* MorseCode1.swift in Sources */ = {isa = PBXBuildFile; fileRef = 02ABE9BC2A7A0DAB00B10E0F /* MorseCode1.swift */; };
		02ABE9BF2A7A0DC700B10E0F /* RockPaperScissors.swift in Sources */ = {isa = PBXBuildFile; fileRef = 02ABE9BE2A7A0DC700B10E0F /* RockPaperScissors.swift */; };
		02ABE9C12A7A0DF800B10E0F /* CaseOfShareBeads.swift in Sources */ = {isa = PBXBuildFile; fileRef = 02ABE9C02A7A0DF800B10E0F /* CaseOfShareBeads.swift */; };
		02ABE9C32A7A0F0800B10E0F /* getCoordinatesOfPoint.swift in Sources */ = {isa = PBXBuildFile; fileRef = 02ABE9C22A7A0F0800B10E0F /* getCoordinatesOfPoint.swift */; };
		02ABE9C52A7A0F3200B10E0F /* MakeTwoDimensional.swift in Sources */ = {isa = PBXBuildFile; fileRef = 02ABE9C42A7A0F3200B10E0F /* MakeTwoDimensional.swift */; };
		02ABE9C72A7A0F4600B10E0F /* ThrowBall.swift in Sources */ = {isa = PBXBuildFile; fileRef = 02ABE9C62A7A0F4600B10E0F /* ThrowBall.swift */; };
		02ABE9C92A7A0F5D00B10E0F /* RotateArray.swift in Sources */ = {isa = PBXBuildFile; fileRef = 02ABE9C82A7A0F5D00B10E0F /* RotateArray.swift */; };
		02ABE9CB2A7A0FE700B10E0F /* DiceCount.swift in Sources */ = {isa = PBXBuildFile; fileRef = 02ABE9CA2A7A0FE700B10E0F /* DiceCount.swift */; };
		02ABE9CD2A7A100000B10E0F /* FindCompositNumber.swift in Sources */ = {isa = PBXBuildFile; fileRef = 02ABE9CC2A7A100000B10E0F /* FindCompositNumber.swift */; };
		02ABE9CF2A7A100E00B10E0F /* MakeMaxNumber1.swift in Sources */ = {isa = PBXBuildFile; fileRef = 02ABE9CE2A7A100E00B10E0F /* MakeMaxNumber1.swift */; };
		02ABE9D12A7A101600B10E0F /* Factorial.swift in Sources */ = {isa = PBXBuildFile; fileRef = 02ABE9D02A7A101600B10E0F /* Factorial.swift */; };
		02ABE9D32A7A10BF00B10E0F /* RemoveVowel.swift in Sources */ = {isa = PBXBuildFile; fileRef = 02ABE9D22A7A10BF00B10E0F /* RemoveVowel.swift */; };
		02ABE9D52A7A10D400B10E0F /* ArrangeArray1.swift in Sources */ = {isa = PBXBuildFile; fileRef = 02ABE9D42A7A10D400B10E0F /* ArrangeArray1.swift */; };
		02ABE9D72A7A10DE00B10E0F /* SumOfHideNumbers1.swift in Sources */ = {isa = PBXBuildFile; fileRef = 02ABE9D62A7A10DE00B10E0F /* SumOfHideNumbers1.swift */; };
		02ABE9D92A7A10F400B10E0F /* FactorizationOfFactors.swift in Sources */ = {isa = PBXBuildFile; fileRef = 02ABE9D82A7A10F400B10E0F /* FactorizationOfFactors.swift */; };
		02BF5B0F2A79341600BE650C /* DivideTwoNumbers.swift in Sources */ = {isa = PBXBuildFile; fileRef = 02BF5B0E2A79341600BE650C /* DivideTwoNumbers.swift */; };
		02BF5B112A79345600BE650C /* CompareTwoNumbers.swift in Sources */ = {isa = PBXBuildFile; fileRef = 02BF5B102A79345600BE650C /* CompareTwoNumbers.swift */; };
		02BF5B132A79356000BE650C /* AdditionOfFractions.swift in Sources */ = {isa = PBXBuildFile; fileRef = 02BF5B122A79356000BE650C /* AdditionOfFractions.swift */; };
		02BF5B152A7935BD00BE650C /* MakeDoubleArray.swift in Sources */ = {isa = PBXBuildFile; fileRef = 02BF5B142A7935BD00BE650C /* MakeDoubleArray.swift */; };
		02BF5B182A79388300BE650C /* GetTheRemainder.swift in Sources */ = {isa = PBXBuildFile; fileRef = 02BF5B172A79388300BE650C /* GetTheRemainder.swift */; };
		02BF5B1A2A7938B200BE650C /* GetCenterValue.swift in Sources */ = {isa = PBXBuildFile; fileRef = 02BF5B192A7938B200BE650C /* GetCenterValue.swift */; };
		02BF5B1C2A7938F400BE650C /* FindTheMostFrequentValue.swift in Sources */ = {isa = PBXBuildFile; fileRef = 02BF5B1B2A7938F400BE650C /* FindTheMostFrequentValue.swift */; };
		02BF5B1E2A79392B00BE650C /* IHateEvenNumber.swift in Sources */ = {isa = PBXBuildFile; fileRef = 02BF5B1D2A79392B00BE650C /* IHateEvenNumber.swift */; };
		02BF5B212A79398F00BE650C /* SharePizza.swift in Sources */ = {isa = PBXBuildFile; fileRef = 02BF5B202A79398F00BE650C /* SharePizza.swift */; };
		02BF5B232A793A2F00BE650C /* AverageOfArray.swift in Sources */ = {isa = PBXBuildFile; fileRef = 02BF5B222A793A2F00BE650C /* AverageOfArray.swift */; };
		02BF5B262A793AB100BE650C /* DiscountClothingStore.swift in Sources */ = {isa = PBXBuildFile; fileRef = 02BF5B252A793AB100BE650C /* DiscountClothingStore.swift */; };
		02BF5B282A793AEF00BE650C /* IceAmericano.swift in Sources */ = {isa = PBXBuildFile; fileRef = 02BF5B272A793AEF00BE650C /* IceAmericano.swift */; };
		02BF5B2A2A793B3600BE650C /* PrintAge.swift in Sources */ = {isa = PBXBuildFile; fileRef = 02BF5B292A793B3600BE650C /* PrintAge.swift */; };
		02BF5B2C2A793B6E00BE650C /* ReversedArray.swift in Sources */ = {isa = PBXBuildFile; fileRef = 02BF5B2B2A793B6E00BE650C /* ReversedArray.swift */; };
		02BF5B2F2A793BCF00BE650C /* ReversedString.swift in Sources */ = {isa = PBXBuildFile; fileRef = 02BF5B2E2A793BCF00BE650C /* ReversedString.swift */; };
		02BF5B312A793C0900BE650C /* PrintRightTriangle.swift in Sources */ = {isa = PBXBuildFile; fileRef = 02BF5B302A793C0900BE650C /* PrintRightTriangle.swift */; };
		02BF5B332A793C8900BE650C /* EvenOddCount.swift in Sources */ = {isa = PBXBuildFile; fileRef = 02BF5B322A793C8900BE650C /* EvenOddCount.swift */; };
		02BF5B352A793CC800BE650C /* PrintStringRepeating.swift in Sources */ = {isa = PBXBuildFile; fileRef = 02BF5B342A793CC800BE650C /* PrintStringRepeating.swift */; };
		02BF5B382A793DF300BE650C /* CuttingPaper.swift in Sources */ = {isa = PBXBuildFile; fileRef = 02BF5B372A793DF300BE650C /* CuttingPaper.swift */; };
		02BF5B3A2A793E7300BE650C /* PushStrings.swift in Sources */ = {isa = PBXBuildFile; fileRef = 02BF5B392A793E7300BE650C /* PushStrings.swift */; };
		02F31B742A189E1B00312152 /* main.swift in Sources */ = {isa = PBXBuildFile; fileRef = 02F31B732A189E1B00312152 /* main.swift */; };
		02F31B812A18A1D500312152 /* FourArithmeticOperations.swift in Sources */ = {isa = PBXBuildFile; fileRef = 02F31B802A18A1D500312152 /* FourArithmeticOperations.swift */; };
		BD4BE9462A7B63F600D58888 /* ControlZ.swift in Sources */ = {isa = PBXBuildFile; fileRef = BD4BE9452A7B63F600D58888 /* ControlZ.swift */; };
		BD4BE9492A7B643C00D58888 /* LengthOfArray.swift in Sources */ = {isa = PBXBuildFile; fileRef = BD4BE9482A7B643C00D58888 /* LengthOfArray.swift */; };
		BD4BE94B2A7B646B00D58888 /* RemoveDuplicationString.swift in Sources */ = {isa = PBXBuildFile; fileRef = BD4BE94A2A7B646B00D58888 /* RemoveDuplicationString.swift */; };
		BD4BE94D2A7B649900D58888 /* ConditionOfTriangle1.swift in Sources */ = {isa = PBXBuildFile; fileRef = BD4BE94C2A7B649900D58888 /* ConditionOfTriangle1.swift */; };
		BD4BE94F2A7B64FD00D58888 /* NearestNumber.swift in Sources */ = {isa = PBXBuildFile; fileRef = BD4BE94E2A7B64FD00D58888 /* NearestNumber.swift */; };
		BD4BE9512A7B650D00D58888 /* GameOf369.swift in Sources */ = {isa = PBXBuildFile; fileRef = BD4BE9502A7B650D00D58888 /* GameOf369.swift */; };
		BD4BE9532A7B652200D58888 /* Decryption.swift in Sources */ = {isa = PBXBuildFile; fileRef = BD4BE9522A7B652200D58888 /* Decryption.swift */; };
		BD4BE9552A7B653E00D58888 /* UppercaseLowercase.swift in Sources */ = {isa = PBXBuildFile; fileRef = BD4BE9542A7B653E00D58888 /* UppercaseLowercase.swift */; };
		BD4BE9752A7CC55500D58888 /* IhateEnglish.swift in Sources */ = {isa = PBXBuildFile; fileRef = BD4BE9742A7CC55500D58888 /* IhateEnglish.swift */; };
		BD4BE9772A7CC56700D58888 /* ChangeIndex.swift in Sources */ = {isa = PBXBuildFile; fileRef = BD4BE9762A7CC56700D58888 /* ChangeIndex.swift */; };
		BD4BE9792A7CC5AA00D58888 /* LetterAppearedOnce.swift in Sources */ = {isa = PBXBuildFile; fileRef = BD4BE9782A7CC5AA00D58888 /* LetterAppearedOnce.swift */; };
		BD4BE97B2A7CC5EE00D58888 /* GetDivisor.swift in Sources */ = {isa = PBXBuildFile; fileRef = BD4BE97A2A7CC5EE00D58888 /* GetDivisor.swift */; };
		BD4BE97D2A7CFC5E00D58888 /* Letter.swift in Sources */ = {isa = PBXBuildFile; fileRef = BD4BE97C2A7CFC5E00D58888 /* Letter.swift */; };
		BD4BE97F2A7CFC8500D58888 /* FindBiggestNumber.swift in Sources */ = {isa = PBXBuildFile; fileRef = BD4BE97E2A7CFC8500D58888 /* FindBiggestNumber.swift */; };
		BD4BE9812A7CFCB800D58888 /* CalculateString.swift in Sources */ = {isa = PBXBuildFile; fileRef = BD4BE9802A7CFCB800D58888 /* CalculateString.swift */; };
		BD4BE9832A7CFCE000D58888 /* SimilarityOfArray.swift in Sources */ = {isa = PBXBuildFile; fileRef = BD4BE9822A7CFCE000D58888 /* SimilarityOfArray.swift */; };
		BD4BE9852A7CFD7200D58888 /* FindNumber.swift in Sources */ = {isa = PBXBuildFile; fileRef = BD4BE9842A7CFD7200D58888 /* FindNumber.swift */; };
		BD4BE9872A7CFD9800D58888 /* ChooseMultipleOfN.swift in Sources */ = {isa = PBXBuildFile; fileRef = BD4BE9862A7CFD9800D58888 /* ChooseMultipleOfN.swift */; };
		BD4BE9892A7CFDC000D58888 /* AddNumberOfDigits.swift in Sources */ = {isa = PBXBuildFile; fileRef = BD4BE9882A7CFDC000D58888 /* AddNumberOfDigits.swift */; };
		BD4BE98B2A7CFDDE00D58888 /* OXQuiz.swift in Sources */ = {isa = PBXBuildFile; fileRef = BD4BE98A2A7CFDDE00D58888 /* OXQuiz.swift */; };
		BD4BE98D2A7D02D300D58888 /* StringInString.swift in Sources */ = {isa = PBXBuildFile; fileRef = BD4BE98C2A7D02D300D58888 /* StringInString.swift */; };
		BD4BE98F2A7D030F00D58888 /* DeterminingTheNumberOfSquares.swift in Sources */ = {isa = PBXBuildFile; fileRef = BD4BE98E2A7D030F00D58888 /* DeterminingTheNumberOfSquares.swift */; };
		BD4BE9912A7D033700D58888 /* BacterialGrowth.swift in Sources */ = {isa = PBXBuildFile; fileRef = BD4BE9902A7D033700D58888 /* BacterialGrowth.swift */; };
		BD4BE9932A7D03DB00D58888 /* rangeString2.swift in Sources */ = {isa = PBXBuildFile; fileRef = BD4BE9922A7D03DB00D58888 /* rangeString2.swift */; };
/* End PBXBuildFile section */

/* Begin PBXCopyFilesBuildPhase section */
		02F31B6E2A189E1B00312152 /* CopyFiles */ = {
			isa = PBXCopyFilesBuildPhase;
			buildActionMask = 2147483647;
			dstPath = /usr/share/man/man1/;
			dstSubfolderSpec = 0;
			files = (
			);
			runOnlyForDeploymentPostprocessing = 1;
		};
/* End PBXCopyFilesBuildPhase section */

/* Begin PBXFileReference section */
		02ABE9AA2A7A0AF400B10E0F /* RemoveSomeString.swift */ = {isa = PBXFileReference; lastKnownFileType = sourcecode.swift; path = RemoveSomeString.swift; sourceTree = "<group>"; };
		02ABE9AC2A7A0B5700B10E0F /* Protractor.swift */ = {isa = PBXFileReference; lastKnownFileType = sourcecode.swift; path = Protractor.swift; sourceTree = "<group>"; };
		02ABE9AE2A7A0B9700B10E0F /* LambSkewers.swift */ = {isa = PBXFileReference; lastKnownFileType = sourcecode.swift; path = LambSkewers.swift; sourceTree = "<group>"; };
		02ABE9B02A7A0BC300B10E0F /* SumOfEvenNumbers.swift */ = {isa = PBXFileReference; lastKnownFileType = sourcecode.swift; path = SumOfEvenNumbers.swift; sourceTree = "<group>"; };
		02ABE9B22A7A0C3F00B10E0F /* SplitArray.swift */ = {isa = PBXFileReference; lastKnownFileType = sourcecode.swift; path = SplitArray.swift; sourceTree = "<group>"; };
		02ABE9B42A7A0C7B00B10E0F /* AgeOfExtraterrestrialPlanet.swift */ = {isa = PBXFileReference; lastKnownFileType = sourcecode.swift; path = AgeOfExtraterrestrialPlanet.swift; sourceTree = "<group>"; };
		02ABE9B62A7A0CBE00B10E0F /* SetTheOrderOfCare.swift */ = {isa = PBXFileReference; lastKnownFileType = sourcecode.swift; path = SetTheOrderOfCare.swift; sourceTree = "<group>"; };
		02ABE9B82A7A0D1200B10E0F /* OrderedPairCount.swift */ = {isa = PBXFileReference; lastKnownFileType = sourcecode.swift; path = OrderedPairCount.swift; sourceTree = "<group>"; };
		02ABE9BA2A7A0D8B00B10E0F /* AntsArmy.swift */ = {isa = PBXFileReference; lastKnownFileType = sourcecode.swift; path = AntsArmy.swift; sourceTree = "<group>"; };
		02ABE9BC2A7A0DAB00B10E0F /* MorseCode1.swift */ = {isa = PBXFileReference; lastKnownFileType = sourcecode.swift; path = MorseCode1.swift; sourceTree = "<group>"; };
		02ABE9BE2A7A0DC700B10E0F /* RockPaperScissors.swift */ = {isa = PBXFileReference; lastKnownFileType = sourcecode.swift; path = RockPaperScissors.swift; sourceTree = "<group>"; };
		02ABE9C02A7A0DF800B10E0F /* CaseOfShareBeads.swift */ = {isa = PBXFileReference; lastKnownFileType = sourcecode.swift; path = CaseOfShareBeads.swift; sourceTree = "<group>"; };
		02ABE9C22A7A0F0800B10E0F /* getCoordinatesOfPoint.swift */ = {isa = PBXFileReference; lastKnownFileType = sourcecode.swift; path = getCoordinatesOfPoint.swift; sourceTree = "<group>"; };
		02ABE9C42A7A0F3200B10E0F /* MakeTwoDimensional.swift */ = {isa = PBXFileReference; lastKnownFileType = sourcecode.swift; path = MakeTwoDimensional.swift; sourceTree = "<group>"; };
		02ABE9C62A7A0F4600B10E0F /* ThrowBall.swift */ = {isa = PBXFileReference; lastKnownFileType = sourcecode.swift; path = ThrowBall.swift; sourceTree = "<group>"; };
		02ABE9C82A7A0F5D00B10E0F /* RotateArray.swift */ = {isa = PBXFileReference; lastKnownFileType = sourcecode.swift; path = RotateArray.swift; sourceTree = "<group>"; };
		02ABE9CA2A7A0FE700B10E0F /* DiceCount.swift */ = {isa = PBXFileReference; lastKnownFileType = sourcecode.swift; path = DiceCount.swift; sourceTree = "<group>"; };
		02ABE9CC2A7A100000B10E0F /* FindCompositNumber.swift */ = {isa = PBXFileReference; lastKnownFileType = sourcecode.swift; path = FindCompositNumber.swift; sourceTree = "<group>"; };
		02ABE9CE2A7A100E00B10E0F /* MakeMaxNumber1.swift */ = {isa = PBXFileReference; lastKnownFileType = sourcecode.swift; path = MakeMaxNumber1.swift; sourceTree = "<group>"; };
		02ABE9D02A7A101600B10E0F /* Factorial.swift */ = {isa = PBXFileReference; lastKnownFileType = sourcecode.swift; path = Factorial.swift; sourceTree = "<group>"; };
		02ABE9D22A7A10BF00B10E0F /* RemoveVowel.swift */ = {isa = PBXFileReference; lastKnownFileType = sourcecode.swift; path = RemoveVowel.swift; sourceTree = "<group>"; };
		02ABE9D42A7A10D400B10E0F /* ArrangeArray1.swift */ = {isa = PBXFileReference; lastKnownFileType = sourcecode.swift; path = ArrangeArray1.swift; sourceTree = "<group>"; };
		02ABE9D62A7A10DE00B10E0F /* SumOfHideNumbers1.swift */ = {isa = PBXFileReference; lastKnownFileType = sourcecode.swift; path = SumOfHideNumbers1.swift; sourceTree = "<group>"; };
		02ABE9D82A7A10F400B10E0F /* FactorizationOfFactors.swift */ = {isa = PBXFileReference; lastKnownFileType = sourcecode.swift; path = FactorizationOfFactors.swift; sourceTree = "<group>"; };
		02BF5B0E2A79341600BE650C /* DivideTwoNumbers.swift */ = {isa = PBXFileReference; lastKnownFileType = sourcecode.swift; path = DivideTwoNumbers.swift; sourceTree = "<group>"; };
		02BF5B102A79345600BE650C /* CompareTwoNumbers.swift */ = {isa = PBXFileReference; lastKnownFileType = sourcecode.swift; path = CompareTwoNumbers.swift; sourceTree = "<group>"; };
		02BF5B122A79356000BE650C /* AdditionOfFractions.swift */ = {isa = PBXFileReference; lastKnownFileType = sourcecode.swift; path = AdditionOfFractions.swift; sourceTree = "<group>"; };
		02BF5B142A7935BD00BE650C /* MakeDoubleArray.swift */ = {isa = PBXFileReference; lastKnownFileType = sourcecode.swift; path = MakeDoubleArray.swift; sourceTree = "<group>"; };
		02BF5B172A79388300BE650C /* GetTheRemainder.swift */ = {isa = PBXFileReference; lastKnownFileType = sourcecode.swift; path = GetTheRemainder.swift; sourceTree = "<group>"; };
		02BF5B192A7938B200BE650C /* GetCenterValue.swift */ = {isa = PBXFileReference; lastKnownFileType = sourcecode.swift; path = GetCenterValue.swift; sourceTree = "<group>"; };
		02BF5B1B2A7938F400BE650C /* FindTheMostFrequentValue.swift */ = {isa = PBXFileReference; lastKnownFileType = sourcecode.swift; path = FindTheMostFrequentValue.swift; sourceTree = "<group>"; };
		02BF5B1D2A79392B00BE650C /* IHateEvenNumber.swift */ = {isa = PBXFileReference; lastKnownFileType = sourcecode.swift; path = IHateEvenNumber.swift; sourceTree = "<group>"; };
		02BF5B202A79398F00BE650C /* SharePizza.swift */ = {isa = PBXFileReference; lastKnownFileType = sourcecode.swift; path = SharePizza.swift; sourceTree = "<group>"; };
		02BF5B222A793A2F00BE650C /* AverageOfArray.swift */ = {isa = PBXFileReference; lastKnownFileType = sourcecode.swift; path = AverageOfArray.swift; sourceTree = "<group>"; };
		02BF5B252A793AB100BE650C /* DiscountClothingStore.swift */ = {isa = PBXFileReference; lastKnownFileType = sourcecode.swift; path = DiscountClothingStore.swift; sourceTree = "<group>"; };
		02BF5B272A793AEF00BE650C /* IceAmericano.swift */ = {isa = PBXFileReference; lastKnownFileType = sourcecode.swift; path = IceAmericano.swift; sourceTree = "<group>"; };
		02BF5B292A793B3600BE650C /* PrintAge.swift */ = {isa = PBXFileReference; lastKnownFileType = sourcecode.swift; path = PrintAge.swift; sourceTree = "<group>"; };
		02BF5B2B2A793B6E00BE650C /* ReversedArray.swift */ = {isa = PBXFileReference; lastKnownFileType = sourcecode.swift; path = ReversedArray.swift; sourceTree = "<group>"; };
		02BF5B2E2A793BCF00BE650C /* ReversedString.swift */ = {isa = PBXFileReference; lastKnownFileType = sourcecode.swift; path = ReversedString.swift; sourceTree = "<group>"; };
		02BF5B302A793C0900BE650C /* PrintRightTriangle.swift */ = {isa = PBXFileReference; lastKnownFileType = sourcecode.swift; path = PrintRightTriangle.swift; sourceTree = "<group>"; };
		02BF5B322A793C8900BE650C /* EvenOddCount.swift */ = {isa = PBXFileReference; lastKnownFileType = sourcecode.swift; path = EvenOddCount.swift; sourceTree = "<group>"; };
		02BF5B342A793CC800BE650C /* PrintStringRepeating.swift */ = {isa = PBXFileReference; lastKnownFileType = sourcecode.swift; path = PrintStringRepeating.swift; sourceTree = "<group>"; };
		02BF5B372A793DF300BE650C /* CuttingPaper.swift */ = {isa = PBXFileReference; lastKnownFileType = sourcecode.swift; path = CuttingPaper.swift; sourceTree = "<group>"; };
		02BF5B392A793E7300BE650C /* PushStrings.swift */ = {isa = PBXFileReference; lastKnownFileType = sourcecode.swift; path = PushStrings.swift; sourceTree = "<group>"; };
		02F31B702A189E1B00312152 /* Programmers */ = {isa = PBXFileReference; explicitFileType = "compiled.mach-o.executable"; includeInIndex = 0; path = Programmers; sourceTree = BUILT_PRODUCTS_DIR; };
		02F31B732A189E1B00312152 /* main.swift */ = {isa = PBXFileReference; lastKnownFileType = sourcecode.swift; path = main.swift; sourceTree = "<group>"; };
		02F31B802A18A1D500312152 /* FourArithmeticOperations.swift */ = {isa = PBXFileReference; lastKnownFileType = sourcecode.swift; path = FourArithmeticOperations.swift; sourceTree = "<group>"; };
		BD4BE9452A7B63F600D58888 /* ControlZ.swift */ = {isa = PBXFileReference; lastKnownFileType = sourcecode.swift; path = ControlZ.swift; sourceTree = "<group>"; };
		BD4BE9482A7B643C00D58888 /* LengthOfArray.swift */ = {isa = PBXFileReference; lastKnownFileType = sourcecode.swift; path = LengthOfArray.swift; sourceTree = "<group>"; };
		BD4BE94A2A7B646B00D58888 /* RemoveDuplicationString.swift */ = {isa = PBXFileReference; lastKnownFileType = sourcecode.swift; path = RemoveDuplicationString.swift; sourceTree = "<group>"; };
		BD4BE94C2A7B649900D58888 /* ConditionOfTriangle1.swift */ = {isa = PBXFileReference; lastKnownFileType = sourcecode.swift; path = ConditionOfTriangle1.swift; sourceTree = "<group>"; };
		BD4BE94E2A7B64FD00D58888 /* NearestNumber.swift */ = {isa = PBXFileReference; lastKnownFileType = sourcecode.swift; path = NearestNumber.swift; sourceTree = "<group>"; };
		BD4BE9502A7B650D00D58888 /* GameOf369.swift */ = {isa = PBXFileReference; lastKnownFileType = sourcecode.swift; path = GameOf369.swift; sourceTree = "<group>"; };
		BD4BE9522A7B652200D58888 /* Decryption.swift */ = {isa = PBXFileReference; lastKnownFileType = sourcecode.swift; path = Decryption.swift; sourceTree = "<group>"; };
		BD4BE9542A7B653E00D58888 /* UppercaseLowercase.swift */ = {isa = PBXFileReference; lastKnownFileType = sourcecode.swift; path = UppercaseLowercase.swift; sourceTree = "<group>"; };
		BD4BE9742A7CC55500D58888 /* IhateEnglish.swift */ = {isa = PBXFileReference; lastKnownFileType = sourcecode.swift; path = IhateEnglish.swift; sourceTree = "<group>"; };
		BD4BE9762A7CC56700D58888 /* ChangeIndex.swift */ = {isa = PBXFileReference; lastKnownFileType = sourcecode.swift; path = ChangeIndex.swift; sourceTree = "<group>"; };
		BD4BE9782A7CC5AA00D58888 /* LetterAppearedOnce.swift */ = {isa = PBXFileReference; lastKnownFileType = sourcecode.swift; path = LetterAppearedOnce.swift; sourceTree = "<group>"; };
		BD4BE97A2A7CC5EE00D58888 /* GetDivisor.swift */ = {isa = PBXFileReference; lastKnownFileType = sourcecode.swift; path = GetDivisor.swift; sourceTree = "<group>"; };
		BD4BE97C2A7CFC5E00D58888 /* Letter.swift */ = {isa = PBXFileReference; lastKnownFileType = sourcecode.swift; path = Letter.swift; sourceTree = "<group>"; };
		BD4BE97E2A7CFC8500D58888 /* FindBiggestNumber.swift */ = {isa = PBXFileReference; lastKnownFileType = sourcecode.swift; path = FindBiggestNumber.swift; sourceTree = "<group>"; };
		BD4BE9802A7CFCB800D58888 /* CalculateString.swift */ = {isa = PBXFileReference; lastKnownFileType = sourcecode.swift; path = CalculateString.swift; sourceTree = "<group>"; };
		BD4BE9822A7CFCE000D58888 /* SimilarityOfArray.swift */ = {isa = PBXFileReference; lastKnownFileType = sourcecode.swift; path = SimilarityOfArray.swift; sourceTree = "<group>"; };
		BD4BE9842A7CFD7200D58888 /* FindNumber.swift */ = {isa = PBXFileReference; lastKnownFileType = sourcecode.swift; path = FindNumber.swift; sourceTree = "<group>"; };
		BD4BE9862A7CFD9800D58888 /* ChooseMultipleOfN.swift */ = {isa = PBXFileReference; lastKnownFileType = sourcecode.swift; path = ChooseMultipleOfN.swift; sourceTree = "<group>"; };
		BD4BE9882A7CFDC000D58888 /* AddNumberOfDigits.swift */ = {isa = PBXFileReference; lastKnownFileType = sourcecode.swift; path = AddNumberOfDigits.swift; sourceTree = "<group>"; };
		BD4BE98A2A7CFDDE00D58888 /* OXQuiz.swift */ = {isa = PBXFileReference; lastKnownFileType = sourcecode.swift; path = OXQuiz.swift; sourceTree = "<group>"; };
		BD4BE98C2A7D02D300D58888 /* StringInString.swift */ = {isa = PBXFileReference; lastKnownFileType = sourcecode.swift; path = StringInString.swift; sourceTree = "<group>"; };
		BD4BE98E2A7D030F00D58888 /* DeterminingTheNumberOfSquares.swift */ = {isa = PBXFileReference; lastKnownFileType = sourcecode.swift; path = DeterminingTheNumberOfSquares.swift; sourceTree = "<group>"; };
		BD4BE9902A7D033700D58888 /* BacterialGrowth.swift */ = {isa = PBXFileReference; lastKnownFileType = sourcecode.swift; path = BacterialGrowth.swift; sourceTree = "<group>"; };
		BD4BE9922A7D03DB00D58888 /* rangeString2.swift */ = {isa = PBXFileReference; lastKnownFileType = sourcecode.swift; path = rangeString2.swift; sourceTree = "<group>"; };
/* End PBXFileReference section */

/* Begin PBXFrameworksBuildPhase section */
		02F31B6D2A189E1B00312152 /* Frameworks */ = {
			isa = PBXFrameworksBuildPhase;
			buildActionMask = 2147483647;
			files = (
			);
			runOnlyForDeploymentPostprocessing = 0;
		};
/* End PBXFrameworksBuildPhase section */

/* Begin PBXGroup section */
		02ABE9A42A7A0A9F00B10E0F /* Day07 */ = {
			isa = PBXGroup;
			children = (
				02ABE9AA2A7A0AF400B10E0F /* RemoveSomeString.swift */,
				02ABE9AC2A7A0B5700B10E0F /* Protractor.swift */,
				02ABE9AE2A7A0B9700B10E0F /* LambSkewers.swift */,
				02ABE9B02A7A0BC300B10E0F /* SumOfEvenNumbers.swift */,
			);
			path = Day07;
			sourceTree = "<group>";
		};
		02ABE9A52A7A0AAE00B10E0F /* Day08 */ = {
			isa = PBXGroup;
			children = (
				02ABE9B22A7A0C3F00B10E0F /* SplitArray.swift */,
				02ABE9B42A7A0C7B00B10E0F /* AgeOfExtraterrestrialPlanet.swift */,
				02ABE9B62A7A0CBE00B10E0F /* SetTheOrderOfCare.swift */,
				02ABE9B82A7A0D1200B10E0F /* OrderedPairCount.swift */,
			);
			path = Day08;
			sourceTree = "<group>";
		};
		02ABE9A62A7A0ABF00B10E0F /* Day09 */ = {
			isa = PBXGroup;
			children = (
				02ABE9BA2A7A0D8B00B10E0F /* AntsArmy.swift */,
				02ABE9BC2A7A0DAB00B10E0F /* MorseCode1.swift */,
				02ABE9BE2A7A0DC700B10E0F /* RockPaperScissors.swift */,
				02ABE9C02A7A0DF800B10E0F /* CaseOfShareBeads.swift */,
			);
			path = Day09;
			sourceTree = "<group>";
		};
		02ABE9A72A7A0AC600B10E0F /* Day10 */ = {
			isa = PBXGroup;
			children = (
				02ABE9C22A7A0F0800B10E0F /* getCoordinatesOfPoint.swift */,
				02ABE9C42A7A0F3200B10E0F /* MakeTwoDimensional.swift */,
				02ABE9C62A7A0F4600B10E0F /* ThrowBall.swift */,
				02ABE9C82A7A0F5D00B10E0F /* RotateArray.swift */,
			);
			path = Day10;
			sourceTree = "<group>";
		};
		02ABE9A82A7A0AD000B10E0F /* Day11 */ = {
			isa = PBXGroup;
			children = (
				02ABE9CA2A7A0FE700B10E0F /* DiceCount.swift */,
				02ABE9CC2A7A100000B10E0F /* FindCompositNumber.swift */,
				02ABE9CE2A7A100E00B10E0F /* MakeMaxNumber1.swift */,
				02ABE9D02A7A101600B10E0F /* Factorial.swift */,
			);
			path = Day11;
			sourceTree = "<group>";
		};
		02ABE9A92A7A0AD600B10E0F /* Day12 */ = {
			isa = PBXGroup;
			children = (
				02ABE9D22A7A10BF00B10E0F /* RemoveVowel.swift */,
				02ABE9D42A7A10D400B10E0F /* ArrangeArray1.swift */,
				02ABE9D62A7A10DE00B10E0F /* SumOfHideNumbers1.swift */,
				02ABE9D82A7A10F400B10E0F /* FactorizationOfFactors.swift */,
			);
			path = Day12;
			sourceTree = "<group>";
		};
		02BF5B0D2A7933A200BE650C /* Day02 */ = {
			isa = PBXGroup;
			children = (
				02BF5B0E2A79341600BE650C /* DivideTwoNumbers.swift */,
				02BF5B102A79345600BE650C /* CompareTwoNumbers.swift */,
				02BF5B122A79356000BE650C /* AdditionOfFractions.swift */,
				02BF5B142A7935BD00BE650C /* MakeDoubleArray.swift */,
			);
			path = Day02;
			sourceTree = "<group>";
		};
		02BF5B162A79386300BE650C /* Day03 */ = {
			isa = PBXGroup;
			children = (
				02BF5B172A79388300BE650C /* GetTheRemainder.swift */,
				02BF5B192A7938B200BE650C /* GetCenterValue.swift */,
				02BF5B1B2A7938F400BE650C /* FindTheMostFrequentValue.swift */,
				02BF5B1D2A79392B00BE650C /* IHateEvenNumber.swift */,
			);
			path = Day03;
			sourceTree = "<group>";
		};
		02BF5B1F2A79397C00BE650C /* Day04 */ = {
			isa = PBXGroup;
			children = (
				02BF5B202A79398F00BE650C /* SharePizza.swift */,
				02BF5B222A793A2F00BE650C /* AverageOfArray.swift */,
			);
			path = Day04;
			sourceTree = "<group>";
		};
		02BF5B242A793A8500BE650C /* Day05 */ = {
			isa = PBXGroup;
			children = (
				02BF5B252A793AB100BE650C /* DiscountClothingStore.swift */,
				02BF5B272A793AEF00BE650C /* IceAmericano.swift */,
				02BF5B292A793B3600BE650C /* PrintAge.swift */,
				02BF5B2B2A793B6E00BE650C /* ReversedArray.swift */,
			);
			path = Day05;
			sourceTree = "<group>";
		};
		02BF5B2D2A793BB700BE650C /* Day06 */ = {
			isa = PBXGroup;
			children = (
				02BF5B2E2A793BCF00BE650C /* ReversedString.swift */,
				02BF5B302A793C0900BE650C /* PrintRightTriangle.swift */,
				02BF5B322A793C8900BE650C /* EvenOddCount.swift */,
				02BF5B342A793CC800BE650C /* PrintStringRepeating.swift */,
			);
			path = Day06;
			sourceTree = "<group>";
		};
		02BF5B362A793DE000BE650C /* Day25 */ = {
			isa = PBXGroup;
			children = (
				02BF5B372A793DF300BE650C /* CuttingPaper.swift */,
				02BF5B392A793E7300BE650C /* PushStrings.swift */,
			);
			path = Day25;
			sourceTree = "<group>";
		};
		02F31B672A189E1B00312152 = {
			isa = PBXGroup;
			children = (
				02F31B722A189E1B00312152 /* Programmers */,
				02F31B712A189E1B00312152 /* Products */,
			);
			sourceTree = "<group>";
		};
		02F31B712A189E1B00312152 /* Products */ = {
			isa = PBXGroup;
			children = (
				02F31B702A189E1B00312152 /* Programmers */,
			);
			name = Products;
			sourceTree = "<group>";
		};
		02F31B722A189E1B00312152 /* Programmers */ = {
			isa = PBXGroup;
			children = (
				BD4BE9422A7B636C00D58888 /* LevelOne */,
				02F31B732A189E1B00312152 /* main.swift */,
				02F31B7A2A189E2100312152 /* LevelZero */,
			);
			path = Programmers;
			sourceTree = "<group>";
		};
		02F31B7A2A189E2100312152 /* LevelZero */ = {
			isa = PBXGroup;
			children = (
				02BF5B362A793DE000BE650C /* Day25 */,
				BD4BE9732A7CC4EF00D58888 /* Day20 */,
				BD4BE9722A7CC4E700D58888 /* Day19 */,
				BD4BE9712A7CC4DE00D58888 /* Day18 */,
				BD4BE9702A7CC4D600D58888 /* Day17 */,
				BD4BE96F2A7CC49700D58888 /* Day16 */,
				BD4BE96E2A7CC49000D58888 /* Day15 */,
				BD4BE9442A7B637E00D58888 /* Day14 */,
				BD4BE9432A7B637800D58888 /* Day13 */,
				02ABE9A92A7A0AD600B10E0F /* Day12 */,
				02ABE9A82A7A0AD000B10E0F /* Day11 */,
				02ABE9A72A7A0AC600B10E0F /* Day10 */,
				02ABE9A62A7A0ABF00B10E0F /* Day09 */,
				02ABE9A52A7A0AAE00B10E0F /* Day08 */,
				02ABE9A42A7A0A9F00B10E0F /* Day07 */,
				02BF5B2D2A793BB700BE650C /* Day06 */,
				02BF5B242A793A8500BE650C /* Day05 */,
				02BF5B1F2A79397C00BE650C /* Day04 */,
				02BF5B162A79386300BE650C /* Day03 */,
				02BF5B0D2A7933A200BE650C /* Day02 */,
				02F31B7D2A189F0600312152 /* Day01 */,
			);
			path = LevelZero;
			sourceTree = "<group>";
		};
		02F31B7D2A189F0600312152 /* Day01 */ = {
			isa = PBXGroup;
			children = (
				02F31B802A18A1D500312152 /* FourArithmeticOperations.swift */,
			);
			path = Day01;
			sourceTree = "<group>";
		};
		BD4BE9422A7B636C00D58888 /* LevelOne */ = {
			isa = PBXGroup;
			children = (
			);
			path = LevelOne;
			sourceTree = "<group>";
		};
		BD4BE9432A7B637800D58888 /* Day13 */ = {
			isa = PBXGroup;
			children = (
				BD4BE9452A7B63F600D58888 /* ControlZ.swift */,
				BD4BE9482A7B643C00D58888 /* LengthOfArray.swift */,
				BD4BE94A2A7B646B00D58888 /* RemoveDuplicationString.swift */,
				BD4BE94C2A7B649900D58888 /* ConditionOfTriangle1.swift */,
			);
			path = Day13;
			sourceTree = "<group>";
		};
		BD4BE9442A7B637E00D58888 /* Day14 */ = {
			isa = PBXGroup;
			children = (
				BD4BE94E2A7B64FD00D58888 /* NearestNumber.swift */,
				BD4BE9502A7B650D00D58888 /* GameOf369.swift */,
				BD4BE9522A7B652200D58888 /* Decryption.swift */,
				BD4BE9542A7B653E00D58888 /* UppercaseLowercase.swift */,
			);
			path = Day14;
			sourceTree = "<group>";
		};
		BD4BE96E2A7CC49000D58888 /* Day15 */ = {
			isa = PBXGroup;
			children = (
				BD4BE9742A7CC55500D58888 /* IhateEnglish.swift */,
				BD4BE9762A7CC56700D58888 /* ChangeIndex.swift */,
				BD4BE9782A7CC5AA00D58888 /* LetterAppearedOnce.swift */,
				BD4BE97A2A7CC5EE00D58888 /* GetDivisor.swift */,
			);
			path = Day15;
			sourceTree = "<group>";
		};
		BD4BE96F2A7CC49700D58888 /* Day16 */ = {
			isa = PBXGroup;
			children = (
				BD4BE97C2A7CFC5E00D58888 /* Letter.swift */,
				BD4BE97E2A7CFC8500D58888 /* FindBiggestNumber.swift */,
				BD4BE9802A7CFCB800D58888 /* CalculateString.swift */,
				BD4BE9822A7CFCE000D58888 /* SimilarityOfArray.swift */,
			);
			path = Day16;
			sourceTree = "<group>";
		};
		BD4BE9702A7CC4D600D58888 /* Day17 */ = {
			isa = PBXGroup;
			children = (
				BD4BE9842A7CFD7200D58888 /* FindNumber.swift */,
				BD4BE9862A7CFD9800D58888 /* ChooseMultipleOfN.swift */,
				BD4BE9882A7CFDC000D58888 /* AddNumberOfDigits.swift */,
				BD4BE98A2A7CFDDE00D58888 /* OXQuiz.swift */,
			);
			path = Day17;
			sourceTree = "<group>";
		};
		BD4BE9712A7CC4DE00D58888 /* Day18 */ = {
			isa = PBXGroup;
			children = (
				BD4BE98C2A7D02D300D58888 /* StringInString.swift */,
				BD4BE98E2A7D030F00D58888 /* DeterminingTheNumberOfSquares.swift */,
				BD4BE9902A7D033700D58888 /* BacterialGrowth.swift */,
				BD4BE9922A7D03DB00D58888 /* rangeString2.swift */,
			);
			path = Day18;
			sourceTree = "<group>";
		};
		BD4BE9722A7CC4E700D58888 /* Day19 */ = {
			isa = PBXGroup;
			children = (
			);
			path = Day19;
			sourceTree = "<group>";
		};
		BD4BE9732A7CC4EF00D58888 /* Day20 */ = {
			isa = PBXGroup;
			children = (
			);
			path = Day20;
			sourceTree = "<group>";
		};
/* End PBXGroup section */

/* Begin PBXNativeTarget section */
		02F31B6F2A189E1B00312152 /* Programmers */ = {
			isa = PBXNativeTarget;
			buildConfigurationList = 02F31B772A189E1B00312152 /* Build configuration list for PBXNativeTarget "Programmers" */;
			buildPhases = (
				02F31B6C2A189E1B00312152 /* Sources */,
				02F31B6D2A189E1B00312152 /* Frameworks */,
				02F31B6E2A189E1B00312152 /* CopyFiles */,
			);
			buildRules = (
			);
			dependencies = (
			);
			name = Programmers;
			productName = Programmers;
			productReference = 02F31B702A189E1B00312152 /* Programmers */;
			productType = "com.apple.product-type.tool";
		};
/* End PBXNativeTarget section */

/* Begin PBXProject section */
		02F31B682A189E1B00312152 /* Project object */ = {
			isa = PBXProject;
			attributes = {
				BuildIndependentTargetsInParallel = 1;
				LastSwiftUpdateCheck = 1420;
				LastUpgradeCheck = 1420;
				TargetAttributes = {
					02F31B6F2A189E1B00312152 = {
						CreatedOnToolsVersion = 14.2;
					};
				};
			};
			buildConfigurationList = 02F31B6B2A189E1B00312152 /* Build configuration list for PBXProject "Programmers" */;
			compatibilityVersion = "Xcode 14.0";
			developmentRegion = en;
			hasScannedForEncodings = 0;
			knownRegions = (
				en,
				Base,
			);
			mainGroup = 02F31B672A189E1B00312152;
			productRefGroup = 02F31B712A189E1B00312152 /* Products */;
			projectDirPath = "";
			projectRoot = "";
			targets = (
				02F31B6F2A189E1B00312152 /* Programmers */,
			);
		};
/* End PBXProject section */

/* Begin PBXSourcesBuildPhase section */
		02F31B6C2A189E1B00312152 /* Sources */ = {
			isa = PBXSourcesBuildPhase;
			buildActionMask = 2147483647;
			files = (
				02BF5B2F2A793BCF00BE650C /* ReversedString.swift in Sources */,
				02BF5B262A793AB100BE650C /* DiscountClothingStore.swift in Sources */,
				BD4BE9552A7B653E00D58888 /* UppercaseLowercase.swift in Sources */,
				02F31B742A189E1B00312152 /* main.swift in Sources */,
				BD4BE9852A7CFD7200D58888 /* FindNumber.swift in Sources */,
				02ABE9AD2A7A0B5700B10E0F /* Protractor.swift in Sources */,
				BD4BE9492A7B643C00D58888 /* LengthOfArray.swift in Sources */,
				02F31B812A18A1D500312152 /* FourArithmeticOperations.swift in Sources */,
				BD4BE9832A7CFCE000D58888 /* SimilarityOfArray.swift in Sources */,
				02ABE9BF2A7A0DC700B10E0F /* RockPaperScissors.swift in Sources */,
				BD4BE9532A7B652200D58888 /* Decryption.swift in Sources */,
				02ABE9C12A7A0DF800B10E0F /* CaseOfShareBeads.swift in Sources */,
				02BF5B312A793C0900BE650C /* PrintRightTriangle.swift in Sources */,
				02ABE9D72A7A10DE00B10E0F /* SumOfHideNumbers1.swift in Sources */,
				02BF5B282A793AEF00BE650C /* IceAmericano.swift in Sources */,
				BD4BE9812A7CFCB800D58888 /* CalculateString.swift in Sources */,
				BD4BE98D2A7D02D300D58888 /* StringInString.swift in Sources */,
				BD4BE97F2A7CFC8500D58888 /* FindBiggestNumber.swift in Sources */,
				BD4BE97B2A7CC5EE00D58888 /* GetDivisor.swift in Sources */,
				BD4BE98F2A7D030F00D58888 /* DeterminingTheNumberOfSquares.swift in Sources */,
				02ABE9BB2A7A0D8B00B10E0F /* AntsArmy.swift in Sources */,
				02BF5B182A79388300BE650C /* GetTheRemainder.swift in Sources */,
				02BF5B1C2A7938F400BE650C /* FindTheMostFrequentValue.swift in Sources */,
				BD4BE9792A7CC5AA00D58888 /* LetterAppearedOnce.swift in Sources */,
				02BF5B382A793DF300BE650C /* CuttingPaper.swift in Sources */,
				BD4BE94B2A7B646B00D58888 /* RemoveDuplicationString.swift in Sources */,
				BD4BE9912A7D033700D58888 /* BacterialGrowth.swift in Sources */,
				02BF5B152A7935BD00BE650C /* MakeDoubleArray.swift in Sources */,
				02ABE9B72A7A0CBE00B10E0F /* SetTheOrderOfCare.swift in Sources */,
				02ABE9D12A7A101600B10E0F /* Factorial.swift in Sources */,
				02BF5B132A79356000BE650C /* AdditionOfFractions.swift in Sources */,
				02ABE9C92A7A0F5D00B10E0F /* RotateArray.swift in Sources */,
				02ABE9D92A7A10F400B10E0F /* FactorizationOfFactors.swift in Sources */,
				02BF5B232A793A2F00BE650C /* AverageOfArray.swift in Sources */,
				02ABE9B52A7A0C7B00B10E0F /* AgeOfExtraterrestrialPlanet.swift in Sources */,
				BD4BE9772A7CC56700D58888 /* ChangeIndex.swift in Sources */,
				BD4BE9462A7B63F600D58888 /* ControlZ.swift in Sources */,
				BD4BE9872A7CFD9800D58888 /* ChooseMultipleOfN.swift in Sources */,
				02ABE9AF2A7A0B9700B10E0F /* LambSkewers.swift in Sources */,
				02BF5B332A793C8900BE650C /* EvenOddCount.swift in Sources */,
				02ABE9C32A7A0F0800B10E0F /* getCoordinatesOfPoint.swift in Sources */,
				02ABE9C72A7A0F4600B10E0F /* ThrowBall.swift in Sources */,
				02BF5B2A2A793B3600BE650C /* PrintAge.swift in Sources */,
				02ABE9CF2A7A100E00B10E0F /* MakeMaxNumber1.swift in Sources */,
				BD4BE9752A7CC55500D58888 /* IhateEnglish.swift in Sources */,
				02ABE9D52A7A10D400B10E0F /* ArrangeArray1.swift in Sources */,
				02ABE9C52A7A0F3200B10E0F /* MakeTwoDimensional.swift in Sources */,
				02ABE9CB2A7A0FE700B10E0F /* DiceCount.swift in Sources */,
				02BF5B1A2A7938B200BE650C /* GetCenterValue.swift in Sources */,
				BD4BE9892A7CFDC000D58888 /* AddNumberOfDigits.swift in Sources */,
				02ABE9CD2A7A100000B10E0F /* FindCompositNumber.swift in Sources */,
				02BF5B0F2A79341600BE650C /* DivideTwoNumbers.swift in Sources */,
				02BF5B212A79398F00BE650C /* SharePizza.swift in Sources */,
				BD4BE9932A7D03DB00D58888 /* rangeString2.swift in Sources */,
				02BF5B352A793CC800BE650C /* PrintStringRepeating.swift in Sources */,
				02BF5B3A2A793E7300BE650C /* PushStrings.swift in Sources */,
				02ABE9B92A7A0D1200B10E0F /* OrderedPairCount.swift in Sources */,
				02BF5B2C2A793B6E00BE650C /* ReversedArray.swift in Sources */,
				02ABE9B32A7A0C3F00B10E0F /* SplitArray.swift in Sources */,
				02BF5B1E2A79392B00BE650C /* IHateEvenNumber.swift in Sources */,
				BD4BE94D2A7B649900D58888 /* ConditionOfTriangle1.swift in Sources */,
				02ABE9B12A7A0BC300B10E0F /* SumOfEvenNumbers.swift in Sources */,
				BD4BE97D2A7CFC5E00D58888 /* Letter.swift in Sources */,
				02ABE9BD2A7A0DAB00B10E0F /* MorseCode1.swift in Sources */,
				BD4BE9512A7B650D00D58888 /* GameOf369.swift in Sources */,
				02ABE9D32A7A10BF00B10E0F /* RemoveVowel.swift in Sources */,
				02BF5B112A79345600BE650C /* CompareTwoNumbers.swift in Sources */,
				BD4BE98B2A7CFDDE00D58888 /* OXQuiz.swift in Sources */,
				02ABE9AB2A7A0AF400B10E0F /* RemoveSomeString.swift in Sources */,
				BD4BE94F2A7B64FD00D58888 /* NearestNumber.swift in Sources */,
			);
			runOnlyForDeploymentPostprocessing = 0;
		};
/* End PBXSourcesBuildPhase section */

/* Begin XCBuildConfiguration section */
		02F31B752A189E1B00312152 /* Debug */ = {
			isa = XCBuildConfiguration;
			buildSettings = {
				ALWAYS_SEARCH_USER_PATHS = NO;
				CLANG_ANALYZER_NONNULL = YES;
				CLANG_ANALYZER_NUMBER_OBJECT_CONVERSION = YES_AGGRESSIVE;
				CLANG_CXX_LANGUAGE_STANDARD = "gnu++20";
				CLANG_ENABLE_MODULES = YES;
				CLANG_ENABLE_OBJC_ARC = YES;
				CLANG_ENABLE_OBJC_WEAK = YES;
				CLANG_WARN_BLOCK_CAPTURE_AUTORELEASING = YES;
				CLANG_WARN_BOOL_CONVERSION = YES;
				CLANG_WARN_COMMA = YES;
				CLANG_WARN_CONSTANT_CONVERSION = YES;
				CLANG_WARN_DEPRECATED_OBJC_IMPLEMENTATIONS = YES;
				CLANG_WARN_DIRECT_OBJC_ISA_USAGE = YES_ERROR;
				CLANG_WARN_DOCUMENTATION_COMMENTS = YES;
				CLANG_WARN_EMPTY_BODY = YES;
				CLANG_WARN_ENUM_CONVERSION = YES;
				CLANG_WARN_INFINITE_RECURSION = YES;
				CLANG_WARN_INT_CONVERSION = YES;
				CLANG_WARN_NON_LITERAL_NULL_CONVERSION = YES;
				CLANG_WARN_OBJC_IMPLICIT_RETAIN_SELF = YES;
				CLANG_WARN_OBJC_LITERAL_CONVERSION = YES;
				CLANG_WARN_OBJC_ROOT_CLASS = YES_ERROR;
				CLANG_WARN_QUOTED_INCLUDE_IN_FRAMEWORK_HEADER = YES;
				CLANG_WARN_RANGE_LOOP_ANALYSIS = YES;
				CLANG_WARN_STRICT_PROTOTYPES = YES;
				CLANG_WARN_SUSPICIOUS_MOVE = YES;
				CLANG_WARN_UNGUARDED_AVAILABILITY = YES_AGGRESSIVE;
				CLANG_WARN_UNREACHABLE_CODE = YES;
				CLANG_WARN__DUPLICATE_METHOD_MATCH = YES;
				COPY_PHASE_STRIP = NO;
				DEBUG_INFORMATION_FORMAT = dwarf;
				ENABLE_STRICT_OBJC_MSGSEND = YES;
				ENABLE_TESTABILITY = YES;
				GCC_C_LANGUAGE_STANDARD = gnu11;
				GCC_DYNAMIC_NO_PIC = NO;
				GCC_NO_COMMON_BLOCKS = YES;
				GCC_OPTIMIZATION_LEVEL = 0;
				GCC_PREPROCESSOR_DEFINITIONS = (
					"DEBUG=1",
					"$(inherited)",
				);
				GCC_WARN_64_TO_32_BIT_CONVERSION = YES;
				GCC_WARN_ABOUT_RETURN_TYPE = YES_ERROR;
				GCC_WARN_UNDECLARED_SELECTOR = YES;
				GCC_WARN_UNINITIALIZED_AUTOS = YES_AGGRESSIVE;
				GCC_WARN_UNUSED_FUNCTION = YES;
				GCC_WARN_UNUSED_VARIABLE = YES;
				MACOSX_DEPLOYMENT_TARGET = 13.1;
				MTL_ENABLE_DEBUG_INFO = INCLUDE_SOURCE;
				MTL_FAST_MATH = YES;
				ONLY_ACTIVE_ARCH = YES;
				SDKROOT = macosx;
				SWIFT_ACTIVE_COMPILATION_CONDITIONS = DEBUG;
				SWIFT_OPTIMIZATION_LEVEL = "-Onone";
			};
			name = Debug;
		};
		02F31B762A189E1B00312152 /* Release */ = {
			isa = XCBuildConfiguration;
			buildSettings = {
				ALWAYS_SEARCH_USER_PATHS = NO;
				CLANG_ANALYZER_NONNULL = YES;
				CLANG_ANALYZER_NUMBER_OBJECT_CONVERSION = YES_AGGRESSIVE;
				CLANG_CXX_LANGUAGE_STANDARD = "gnu++20";
				CLANG_ENABLE_MODULES = YES;
				CLANG_ENABLE_OBJC_ARC = YES;
				CLANG_ENABLE_OBJC_WEAK = YES;
				CLANG_WARN_BLOCK_CAPTURE_AUTORELEASING = YES;
				CLANG_WARN_BOOL_CONVERSION = YES;
				CLANG_WARN_COMMA = YES;
				CLANG_WARN_CONSTANT_CONVERSION = YES;
				CLANG_WARN_DEPRECATED_OBJC_IMPLEMENTATIONS = YES;
				CLANG_WARN_DIRECT_OBJC_ISA_USAGE = YES_ERROR;
				CLANG_WARN_DOCUMENTATION_COMMENTS = YES;
				CLANG_WARN_EMPTY_BODY = YES;
				CLANG_WARN_ENUM_CONVERSION = YES;
				CLANG_WARN_INFINITE_RECURSION = YES;
				CLANG_WARN_INT_CONVERSION = YES;
				CLANG_WARN_NON_LITERAL_NULL_CONVERSION = YES;
				CLANG_WARN_OBJC_IMPLICIT_RETAIN_SELF = YES;
				CLANG_WARN_OBJC_LITERAL_CONVERSION = YES;
				CLANG_WARN_OBJC_ROOT_CLASS = YES_ERROR;
				CLANG_WARN_QUOTED_INCLUDE_IN_FRAMEWORK_HEADER = YES;
				CLANG_WARN_RANGE_LOOP_ANALYSIS = YES;
				CLANG_WARN_STRICT_PROTOTYPES = YES;
				CLANG_WARN_SUSPICIOUS_MOVE = YES;
				CLANG_WARN_UNGUARDED_AVAILABILITY = YES_AGGRESSIVE;
				CLANG_WARN_UNREACHABLE_CODE = YES;
				CLANG_WARN__DUPLICATE_METHOD_MATCH = YES;
				COPY_PHASE_STRIP = NO;
				DEBUG_INFORMATION_FORMAT = "dwarf-with-dsym";
				ENABLE_NS_ASSERTIONS = NO;
				ENABLE_STRICT_OBJC_MSGSEND = YES;
				GCC_C_LANGUAGE_STANDARD = gnu11;
				GCC_NO_COMMON_BLOCKS = YES;
				GCC_WARN_64_TO_32_BIT_CONVERSION = YES;
				GCC_WARN_ABOUT_RETURN_TYPE = YES_ERROR;
				GCC_WARN_UNDECLARED_SELECTOR = YES;
				GCC_WARN_UNINITIALIZED_AUTOS = YES_AGGRESSIVE;
				GCC_WARN_UNUSED_FUNCTION = YES;
				GCC_WARN_UNUSED_VARIABLE = YES;
				MACOSX_DEPLOYMENT_TARGET = 13.1;
				MTL_ENABLE_DEBUG_INFO = NO;
				MTL_FAST_MATH = YES;
				SDKROOT = macosx;
				SWIFT_COMPILATION_MODE = wholemodule;
				SWIFT_OPTIMIZATION_LEVEL = "-O";
			};
			name = Release;
		};
		02F31B782A189E1B00312152 /* Debug */ = {
			isa = XCBuildConfiguration;
			buildSettings = {
				CODE_SIGN_STYLE = Automatic;
				DEVELOPMENT_TEAM = 9U3GTR786Y;
				ENABLE_HARDENED_RUNTIME = YES;
				PRODUCT_NAME = "$(TARGET_NAME)";
				SWIFT_VERSION = 5.0;
			};
			name = Debug;
		};
		02F31B792A189E1B00312152 /* Release */ = {
			isa = XCBuildConfiguration;
			buildSettings = {
				CODE_SIGN_STYLE = Automatic;
				DEVELOPMENT_TEAM = 9U3GTR786Y;
				ENABLE_HARDENED_RUNTIME = YES;
				PRODUCT_NAME = "$(TARGET_NAME)";
				SWIFT_VERSION = 5.0;
			};
			name = Release;
		};
/* End XCBuildConfiguration section */

/* Begin XCConfigurationList section */
		02F31B6B2A189E1B00312152 /* Build configuration list for PBXProject "Programmers" */ = {
			isa = XCConfigurationList;
			buildConfigurations = (
				02F31B752A189E1B00312152 /* Debug */,
				02F31B762A189E1B00312152 /* Release */,
			);
			defaultConfigurationIsVisible = 0;
			defaultConfigurationName = Release;
		};
		02F31B772A189E1B00312152 /* Build configuration list for PBXNativeTarget "Programmers" */ = {
			isa = XCConfigurationList;
			buildConfigurations = (
				02F31B782A189E1B00312152 /* Debug */,
				02F31B792A189E1B00312152 /* Release */,
			);
			defaultConfigurationIsVisible = 0;
			defaultConfigurationName = Release;
		};
/* End XCConfigurationList section */
	};
	rootObject = 02F31B682A189E1B00312152 /* Project object */;
}
