// !$*UTF8*$!
{
	archiveVersion = 1;
	classes = {
	};
	objectVersion = 56;
	objects = {

/* Begin PBXBuildFile section */
		0202EF972AB9B5FC005B98AC /* HappyStudents.swift in Sources */ = {isa = PBXBuildFile; fileRef = 0202EF962AB9B5FC005B98AC /* HappyStudents.swift */; };
		02BDFD422AB894E9001920C3 /* main.swift in Sources */ = {isa = PBXBuildFile; fileRef = 02BDFD412AB894E9001920C3 /* main.swift */; };
		02EC3D2E2ABAFB5500EEE708 /* RelativeRanks.swift in Sources */ = {isa = PBXBuildFile; fileRef = 02EC3D2D2ABAFB5500EEE708 /* RelativeRanks.swift */; };
		02EC3D302ABAFB7500EEE708 /* SummaryRanges.swift in Sources */ = {isa = PBXBuildFile; fileRef = 02EC3D2F2ABAFB7500EEE708 /* SummaryRanges.swift */; };
		02EC3D322ABAFBA800EEE708 /* BinarySearch.swift in Sources */ = {isa = PBXBuildFile; fileRef = 02EC3D312ABAFBA800EEE708 /* BinarySearch.swift */; };
		02EC3D342ABAFFAC00EEE708 /* IslandPerimeter .swift in Sources */ = {isa = PBXBuildFile; fileRef = 02EC3D332ABAFFAC00EEE708 /* IslandPerimeter .swift */; };
/* End PBXBuildFile section */

/* Begin PBXCopyFilesBuildPhase section */
		02BDFD3C2AB894E9001920C3 /* CopyFiles */ = {
			isa = PBXCopyFilesBuildPhase;
			buildActionMask = 2147483647;
			dstPath = /usr/share/man/man1/;
			dstSubfolderSpec = 0;
			files = (
			);
			runOnlyForDeploymentPostprocessing = 1;
		};
/* End PBXCopyFilesBuildPhase section */

/* Begin PBXFileReference section */
		0202EF962AB9B5FC005B98AC /* HappyStudents.swift */ = {isa = PBXFileReference; lastKnownFileType = sourcecode.swift; path = HappyStudents.swift; sourceTree = "<group>"; };
		02BDFD3E2AB894E9001920C3 /* LeetCode */ = {isa = PBXFileReference; explicitFileType = "compiled.mach-o.executable"; includeInIndex = 0; path = LeetCode; sourceTree = BUILT_PRODUCTS_DIR; };
		02BDFD412AB894E9001920C3 /* main.swift */ = {isa = PBXFileReference; lastKnownFileType = sourcecode.swift; path = main.swift; sourceTree = "<group>"; };
		02EC3D2D2ABAFB5500EEE708 /* RelativeRanks.swift */ = {isa = PBXFileReference; lastKnownFileType = sourcecode.swift; path = RelativeRanks.swift; sourceTree = "<group>"; };
		02EC3D2F2ABAFB7500EEE708 /* SummaryRanges.swift */ = {isa = PBXFileReference; lastKnownFileType = sourcecode.swift; path = SummaryRanges.swift; sourceTree = "<group>"; };
		02EC3D312ABAFBA800EEE708 /* BinarySearch.swift */ = {isa = PBXFileReference; lastKnownFileType = sourcecode.swift; path = BinarySearch.swift; sourceTree = "<group>"; };
		02EC3D332ABAFFAC00EEE708 /* IslandPerimeter .swift */ = {isa = PBXFileReference; lastKnownFileType = sourcecode.swift; path = "IslandPerimeter .swift"; sourceTree = "<group>"; };
/* End PBXFileReference section */

/* Begin PBXFrameworksBuildPhase section */
		02BDFD3B2AB894E9001920C3 /* Frameworks */ = {
			isa = PBXFrameworksBuildPhase;
			buildActionMask = 2147483647;
			files = (
			);
			runOnlyForDeploymentPostprocessing = 0;
		};
/* End PBXFrameworksBuildPhase section */

/* Begin PBXGroup section */
		0202EF942AB9B5D4005B98AC /* Easy */ = {
			isa = PBXGroup;
			children = (
				02EC3D2D2ABAFB5500EEE708 /* RelativeRanks.swift */,
				02EC3D2F2ABAFB7500EEE708 /* SummaryRanges.swift */,
				02EC3D312ABAFBA800EEE708 /* BinarySearch.swift */,
				02EC3D332ABAFFAC00EEE708 /* IslandPerimeter .swift */,
			);
			path = Easy;
			sourceTree = "<group>";
		};
		0202EF952AB9B5E5005B98AC /* Medium */ = {
			isa = PBXGroup;
			children = (
				0202EF962AB9B5FC005B98AC /* HappyStudents.swift */,
			);
			path = Medium;
			sourceTree = "<group>";
		};
		02BDFD352AB894E9001920C3 = {
			isa = PBXGroup;
			children = (
				02BDFD402AB894E9001920C3 /* LeetCode */,
				02BDFD3F2AB894E9001920C3 /* Products */,
			);
			sourceTree = "<group>";
		};
		02BDFD3F2AB894E9001920C3 /* Products */ = {
			isa = PBXGroup;
			children = (
				02BDFD3E2AB894E9001920C3 /* LeetCode */,
			);
			name = Products;
			sourceTree = "<group>";
		};
		02BDFD402AB894E9001920C3 /* LeetCode */ = {
			isa = PBXGroup;
			children = (
				02BDFD412AB894E9001920C3 /* main.swift */,
				0202EF952AB9B5E5005B98AC /* Medium */,
				0202EF942AB9B5D4005B98AC /* Easy */,
			);
			path = LeetCode;
			sourceTree = "<group>";
		};
/* End PBXGroup section */

/* Begin PBXNativeTarget section */
		02BDFD3D2AB894E9001920C3 /* LeetCode */ = {
			isa = PBXNativeTarget;
			buildConfigurationList = 02BDFD452AB894E9001920C3 /* Build configuration list for PBXNativeTarget "LeetCode" */;
			buildPhases = (
				02BDFD3A2AB894E9001920C3 /* Sources */,
				02BDFD3B2AB894E9001920C3 /* Frameworks */,
				02BDFD3C2AB894E9001920C3 /* CopyFiles */,
			);
			buildRules = (
			);
			dependencies = (
			);
			name = LeetCode;
			productName = LeetCode;
			productReference = 02BDFD3E2AB894E9001920C3 /* LeetCode */;
			productType = "com.apple.product-type.tool";
		};
/* End PBXNativeTarget section */

/* Begin PBXProject section */
		02BDFD362AB894E9001920C3 /* Project object */ = {
			isa = PBXProject;
			attributes = {
				BuildIndependentTargetsInParallel = 1;
				LastSwiftUpdateCheck = 1420;
				LastUpgradeCheck = 1420;
				TargetAttributes = {
					02BDFD3D2AB894E9001920C3 = {
						CreatedOnToolsVersion = 14.2;
					};
				};
			};
			buildConfigurationList = 02BDFD392AB894E9001920C3 /* Build configuration list for PBXProject "LeetCode" */;
			compatibilityVersion = "Xcode 14.0";
			developmentRegion = en;
			hasScannedForEncodings = 0;
			knownRegions = (
				en,
				Base,
			);
			mainGroup = 02BDFD352AB894E9001920C3;
			productRefGroup = 02BDFD3F2AB894E9001920C3 /* Products */;
			projectDirPath = "";
			projectRoot = "";
			targets = (
				02BDFD3D2AB894E9001920C3 /* LeetCode */,
			);
		};
/* End PBXProject section */

/* Begin PBXSourcesBuildPhase section */
		02BDFD3A2AB894E9001920C3 /* Sources */ = {
			isa = PBXSourcesBuildPhase;
			buildActionMask = 2147483647;
			files = (
				02BDFD422AB894E9001920C3 /* main.swift in Sources */,
				02EC3D342ABAFFAC00EEE708 /* IslandPerimeter .swift in Sources */,
				02EC3D2E2ABAFB5500EEE708 /* RelativeRanks.swift in Sources */,
				02EC3D322ABAFBA800EEE708 /* BinarySearch.swift in Sources */,
				0202EF972AB9B5FC005B98AC /* HappyStudents.swift in Sources */,
				02EC3D302ABAFB7500EEE708 /* SummaryRanges.swift in Sources */,
			);
			runOnlyForDeploymentPostprocessing = 0;
		};
/* End PBXSourcesBuildPhase section */

/* Begin XCBuildConfiguration section */
		02BDFD432AB894E9001920C3 /* Debug */ = {
			isa = XCBuildConfiguration;
			buildSettings = {
				ALWAYS_SEARCH_USER_PATHS = NO;
				CLANG_ANALYZER_NONNULL = YES;
				CLANG_ANALYZER_NUMBER_OBJECT_CONVERSION = YES_AGGRESSIVE;
				CLANG_CXX_LANGUAGE_STANDARD = "gnu++20";
				CLANG_ENABLE_MODULES = YES;
				CLANG_ENABLE_OBJC_ARC = YES;
				CLANG_ENABLE_OBJC_WEAK = YES;
				CLANG_WARN_BLOCK_CAPTURE_AUTORELEASING = YES;
				CLANG_WARN_BOOL_CONVERSION = YES;
				CLANG_WARN_COMMA = YES;
				CLANG_WARN_CONSTANT_CONVERSION = YES;
				CLANG_WARN_DEPRECATED_OBJC_IMPLEMENTATIONS = YES;
				CLANG_WARN_DIRECT_OBJC_ISA_USAGE = YES_ERROR;
				CLANG_WARN_DOCUMENTATION_COMMENTS = YES;
				CLANG_WARN_EMPTY_BODY = YES;
				CLANG_WARN_ENUM_CONVERSION = YES;
				CLANG_WARN_INFINITE_RECURSION = YES;
				CLANG_WARN_INT_CONVERSION = YES;
				CLANG_WARN_NON_LITERAL_NULL_CONVERSION = YES;
				CLANG_WARN_OBJC_IMPLICIT_RETAIN_SELF = YES;
				CLANG_WARN_OBJC_LITERAL_CONVERSION = YES;
				CLANG_WARN_OBJC_ROOT_CLASS = YES_ERROR;
				CLANG_WARN_QUOTED_INCLUDE_IN_FRAMEWORK_HEADER = YES;
				CLANG_WARN_RANGE_LOOP_ANALYSIS = YES;
				CLANG_WARN_STRICT_PROTOTYPES = YES;
				CLANG_WARN_SUSPICIOUS_MOVE = YES;
				CLANG_WARN_UNGUARDED_AVAILABILITY = YES_AGGRESSIVE;
				CLANG_WARN_UNREACHABLE_CODE = YES;
				CLANG_WARN__DUPLICATE_METHOD_MATCH = YES;
				COPY_PHASE_STRIP = NO;
				DEBUG_INFORMATION_FORMAT = dwarf;
				ENABLE_STRICT_OBJC_MSGSEND = YES;
				ENABLE_TESTABILITY = YES;
				GCC_C_LANGUAGE_STANDARD = gnu11;
				GCC_DYNAMIC_NO_PIC = NO;
				GCC_NO_COMMON_BLOCKS = YES;
				GCC_OPTIMIZATION_LEVEL = 0;
				GCC_PREPROCESSOR_DEFINITIONS = (
					"DEBUG=1",
					"$(inherited)",
				);
				GCC_WARN_64_TO_32_BIT_CONVERSION = YES;
				GCC_WARN_ABOUT_RETURN_TYPE = YES_ERROR;
				GCC_WARN_UNDECLARED_SELECTOR = YES;
				GCC_WARN_UNINITIALIZED_AUTOS = YES_AGGRESSIVE;
				GCC_WARN_UNUSED_FUNCTION = YES;
				GCC_WARN_UNUSED_VARIABLE = YES;
				MACOSX_DEPLOYMENT_TARGET = 13.1;
				MTL_ENABLE_DEBUG_INFO = INCLUDE_SOURCE;
				MTL_FAST_MATH = YES;
				ONLY_ACTIVE_ARCH = YES;
				SDKROOT = macosx;
				SWIFT_ACTIVE_COMPILATION_CONDITIONS = DEBUG;
				SWIFT_OPTIMIZATION_LEVEL = "-Onone";
			};
			name = Debug;
		};
		02BDFD442AB894E9001920C3 /* Release */ = {
			isa = XCBuildConfiguration;
			buildSettings = {
				ALWAYS_SEARCH_USER_PATHS = NO;
				CLANG_ANALYZER_NONNULL = YES;
				CLANG_ANALYZER_NUMBER_OBJECT_CONVERSION = YES_AGGRESSIVE;
				CLANG_CXX_LANGUAGE_STANDARD = "gnu++20";
				CLANG_ENABLE_MODULES = YES;
				CLANG_ENABLE_OBJC_ARC = YES;
				CLANG_ENABLE_OBJC_WEAK = YES;
				CLANG_WARN_BLOCK_CAPTURE_AUTORELEASING = YES;
				CLANG_WARN_BOOL_CONVERSION = YES;
				CLANG_WARN_COMMA = YES;
				CLANG_WARN_CONSTANT_CONVERSION = YES;
				CLANG_WARN_DEPRECATED_OBJC_IMPLEMENTATIONS = YES;
				CLANG_WARN_DIRECT_OBJC_ISA_USAGE = YES_ERROR;
				CLANG_WARN_DOCUMENTATION_COMMENTS = YES;
				CLANG_WARN_EMPTY_BODY = YES;
				CLANG_WARN_ENUM_CONVERSION = YES;
				CLANG_WARN_INFINITE_RECURSION = YES;
				CLANG_WARN_INT_CONVERSION = YES;
				CLANG_WARN_NON_LITERAL_NULL_CONVERSION = YES;
				CLANG_WARN_OBJC_IMPLICIT_RETAIN_SELF = YES;
				CLANG_WARN_OBJC_LITERAL_CONVERSION = YES;
				CLANG_WARN_OBJC_ROOT_CLASS = YES_ERROR;
				CLANG_WARN_QUOTED_INCLUDE_IN_FRAMEWORK_HEADER = YES;
				CLANG_WARN_RANGE_LOOP_ANALYSIS = YES;
				CLANG_WARN_STRICT_PROTOTYPES = YES;
				CLANG_WARN_SUSPICIOUS_MOVE = YES;
				CLANG_WARN_UNGUARDED_AVAILABILITY = YES_AGGRESSIVE;
				CLANG_WARN_UNREACHABLE_CODE = YES;
				CLANG_WARN__DUPLICATE_METHOD_MATCH = YES;
				COPY_PHASE_STRIP = NO;
				DEBUG_INFORMATION_FORMAT = "dwarf-with-dsym";
				ENABLE_NS_ASSERTIONS = NO;
				ENABLE_STRICT_OBJC_MSGSEND = YES;
				GCC_C_LANGUAGE_STANDARD = gnu11;
				GCC_NO_COMMON_BLOCKS = YES;
				GCC_WARN_64_TO_32_BIT_CONVERSION = YES;
				GCC_WARN_ABOUT_RETURN_TYPE = YES_ERROR;
				GCC_WARN_UNDECLARED_SELECTOR = YES;
				GCC_WARN_UNINITIALIZED_AUTOS = YES_AGGRESSIVE;
				GCC_WARN_UNUSED_FUNCTION = YES;
				GCC_WARN_UNUSED_VARIABLE = YES;
				MACOSX_DEPLOYMENT_TARGET = 13.1;
				MTL_ENABLE_DEBUG_INFO = NO;
				MTL_FAST_MATH = YES;
				SDKROOT = macosx;
				SWIFT_COMPILATION_MODE = wholemodule;
				SWIFT_OPTIMIZATION_LEVEL = "-O";
			};
			name = Release;
		};
		02BDFD462AB894E9001920C3 /* Debug */ = {
			isa = XCBuildConfiguration;
			buildSettings = {
				CODE_SIGN_STYLE = Automatic;
				DEVELOPMENT_TEAM = 9U3GTR786Y;
				ENABLE_HARDENED_RUNTIME = YES;
				PRODUCT_NAME = "$(TARGET_NAME)";
				SWIFT_VERSION = 5.0;
			};
			name = Debug;
		};
		02BDFD472AB894E9001920C3 /* Release */ = {
			isa = XCBuildConfiguration;
			buildSettings = {
				CODE_SIGN_STYLE = Automatic;
				DEVELOPMENT_TEAM = 9U3GTR786Y;
				ENABLE_HARDENED_RUNTIME = YES;
				PRODUCT_NAME = "$(TARGET_NAME)";
				SWIFT_VERSION = 5.0;
			};
			name = Release;
		};
/* End XCBuildConfiguration section */

/* Begin XCConfigurationList section */
		02BDFD392AB894E9001920C3 /* Build configuration list for PBXProject "LeetCode" */ = {
			isa = XCConfigurationList;
			buildConfigurations = (
				02BDFD432AB894E9001920C3 /* Debug */,
				02BDFD442AB894E9001920C3 /* Release */,
			);
			defaultConfigurationIsVisible = 0;
			defaultConfigurationName = Release;
		};
		02BDFD452AB894E9001920C3 /* Build configuration list for PBXNativeTarget "LeetCode" */ = {
			isa = XCConfigurationList;
			buildConfigurations = (
				02BDFD462AB894E9001920C3 /* Debug */,
				02BDFD472AB894E9001920C3 /* Release */,
			);
			defaultConfigurationIsVisible = 0;
			defaultConfigurationName = Release;
		};
/* End XCConfigurationList section */
	};
	rootObject = 02BDFD362AB894E9001920C3 /* Project object */;
}
