// !$*UTF8*$!
{
	archiveVersion = 1;
	classes = {
	};
	objectVersion = 56;
	objects = {

/* Begin PBXBuildFile section */
		0202EF972AB9B5FC005B98AC /* HappyStudents.swift in Sources */ = {isa = PBXBuildFile; fileRef = 0202EF962AB9B5FC005B98AC /* HappyStudents.swift */; };
		020A759B2AC69629008292B4 /* CoinChange.swift in Sources */ = {isa = PBXBuildFile; fileRef = 020A759A2AC69629008292B4 /* CoinChange.swift */; };
		020A759D2AC6A559008292B4 /* LengthOfLastWord .swift in Sources */ = {isa = PBXBuildFile; fileRef = 020A759C2AC6A559008292B4 /* LengthOfLastWord .swift */; };
		020A759F2AC6A758008292B4 /* MajorityElement.swift in Sources */ = {isa = PBXBuildFile; fileRef = 020A759E2AC6A758008292B4 /* MajorityElement.swift */; };
		020A75A32AC6AB84008292B4 /* SingleNumber.swift in Sources */ = {isa = PBXBuildFile; fileRef = 020A75A22AC6AB84008292B4 /* SingleNumber.swift */; };
		029D19E72AEE424A00B3DE66 /* PascalsTriangle.swift in Sources */ = {isa = PBXBuildFile; fileRef = 029D19E62AEE424A00B3DE66 /* PascalsTriangle.swift */; };
		02B2A6512AD5A2FC001923C7 /* RotateFunction.swift in Sources */ = {isa = PBXBuildFile; fileRef = 02B2A6502AD5A2FC001923C7 /* RotateFunction.swift */; };
		02B852EC2AC034BE005D7E9A /* FindTheIndexOfTheFirstOccurrenceInString .swift in Sources */ = {isa = PBXBuildFile; fileRef = 02B852EB2AC034BE005D7E9A /* FindTheIndexOfTheFirstOccurrenceInString .swift */; };
		02B904CA2AC3056900852D25 /* ReverseString.swift in Sources */ = {isa = PBXBuildFile; fileRef = 02B904C92AC3056900852D25 /* ReverseString.swift */; };
		02BCB4B62AC9A5D9006BC12A /* PlusOne.swift in Sources */ = {isa = PBXBuildFile; fileRef = 02BCB4B52AC9A5D9006BC12A /* PlusOne.swift */; };
		02BDFD422AB894E9001920C3 /* main.swift in Sources */ = {isa = PBXBuildFile; fileRef = 02BDFD412AB894E9001920C3 /* main.swift */; };
		02BFC7F82AC84F3400756D1F /* ContainsDuplicate2.swift in Sources */ = {isa = PBXBuildFile; fileRef = 02BFC7F72AC84F3400756D1F /* ContainsDuplicate2.swift */; };
		02C0940B2ABB0DAF004DC55C /* ReverseVowelsOfString.swift in Sources */ = {isa = PBXBuildFile; fileRef = 02C0940A2ABB0DAF004DC55C /* ReverseVowelsOfString.swift */; };
		02C584A82AC5B31F00848BC9 /* SortIntegersByBits.swift in Sources */ = {isa = PBXBuildFile; fileRef = 02C584A72AC5B31F00848BC9 /* SortIntegersByBits.swift */; };
		02CC98CF2ADED2820089B089 /* ShuffleTheArray.swift in Sources */ = {isa = PBXBuildFile; fileRef = 02CC98CE2ADED2820089B089 /* ShuffleTheArray.swift */; };
		02CD81382AC1853600D314FF /* IsSubsequence.swift in Sources */ = {isa = PBXBuildFile; fileRef = 02CD81372AC1853600D314FF /* IsSubsequence.swift */; };
		02CE02D82ABDB60D00036BC8 /* InsertGreatestCommonDivisorsinLinkedList .swift in Sources */ = {isa = PBXBuildFile; fileRef = 02CE02D72ABDB60D00036BC8 /* InsertGreatestCommonDivisorsinLinkedList .swift */; };
		02CE02DA2ABDB95200036BC8 /* ArrangingCoins .swift in Sources */ = {isa = PBXBuildFile; fileRef = 02CE02D92ABDB95200036BC8 /* ArrangingCoins .swift */; };
		02D686C52ADD5AD000470C44 /* JumpGame2.swift in Sources */ = {isa = PBXBuildFile; fileRef = 02D686C42ADD5AD000470C44 /* JumpGame2.swift */; };
		02DB81282AE15D870069A5A1 /* WordPattern.swift in Sources */ = {isa = PBXBuildFile; fileRef = 02DB81272AE15D870069A5A1 /* WordPattern.swift */; };
		02E20D732AF25B3C00956C7D /* ZigzagConversation.swift in Sources */ = {isa = PBXBuildFile; fileRef = 02E20D722AF25B3C00956C7D /* ZigzagConversation.swift */; };
		02E673F22AE68C48001E3B35 /* IntegerToRoman.swift in Sources */ = {isa = PBXBuildFile; fileRef = 02E673F12AE68C48001E3B35 /* IntegerToRoman.swift */; };
		02EC3D2E2ABAFB5500EEE708 /* RelativeRanks.swift in Sources */ = {isa = PBXBuildFile; fileRef = 02EC3D2D2ABAFB5500EEE708 /* RelativeRanks.swift */; };
		02EC3D302ABAFB7500EEE708 /* SummaryRanges.swift in Sources */ = {isa = PBXBuildFile; fileRef = 02EC3D2F2ABAFB7500EEE708 /* SummaryRanges.swift */; };
		02EC3D322ABAFBA800EEE708 /* BinarySearch.swift in Sources */ = {isa = PBXBuildFile; fileRef = 02EC3D312ABAFBA800EEE708 /* BinarySearch.swift */; };
		02EC3D342ABAFFAC00EEE708 /* IslandPerimeter .swift in Sources */ = {isa = PBXBuildFile; fileRef = 02EC3D332ABAFFAC00EEE708 /* IslandPerimeter .swift */; };
		02EF632E2ACD7C570037F64F /* PalindromeNumber.swift in Sources */ = {isa = PBXBuildFile; fileRef = 02EF632D2ACD7C570037F64F /* PalindromeNumber.swift */; };
		02F7E0042ABC74110087D84B /* TwoSum.swift in Sources */ = {isa = PBXBuildFile; fileRef = 02F7E0032ABC74110087D84B /* TwoSum.swift */; };
/* End PBXBuildFile section */

/* Begin PBXCopyFilesBuildPhase section */
		02BDFD3C2AB894E9001920C3 /* CopyFiles */ = {
			isa = PBXCopyFilesBuildPhase;
			buildActionMask = 2147483647;
			dstPath = /usr/share/man/man1/;
			dstSubfolderSpec = 0;
			files = (
			);
			runOnlyForDeploymentPostprocessing = 1;
		};
/* End PBXCopyFilesBuildPhase section */

/* Begin PBXFileReference section */
		0202EF962AB9B5FC005B98AC /* HappyStudents.swift */ = {isa = PBXFileReference; lastKnownFileType = sourcecode.swift; path = HappyStudents.swift; sourceTree = "<group>"; };
		020A759A2AC69629008292B4 /* CoinChange.swift */ = {isa = PBXFileReference; lastKnownFileType = sourcecode.swift; path = CoinChange.swift; sourceTree = "<group>"; };
		020A759C2AC6A559008292B4 /* LengthOfLastWord .swift */ = {isa = PBXFileReference; lastKnownFileType = sourcecode.swift; path = "LengthOfLastWord .swift"; sourceTree = "<group>"; };
		020A759E2AC6A758008292B4 /* MajorityElement.swift */ = {isa = PBXFileReference; lastKnownFileType = sourcecode.swift; path = MajorityElement.swift; sourceTree = "<group>"; };
		020A75A22AC6AB84008292B4 /* SingleNumber.swift */ = {isa = PBXFileReference; lastKnownFileType = sourcecode.swift; path = SingleNumber.swift; sourceTree = "<group>"; };
		029D19E62AEE424A00B3DE66 /* PascalsTriangle.swift */ = {isa = PBXFileReference; lastKnownFileType = sourcecode.swift; path = PascalsTriangle.swift; sourceTree = "<group>"; };
		02B2A6502AD5A2FC001923C7 /* RotateFunction.swift */ = {isa = PBXFileReference; lastKnownFileType = sourcecode.swift; path = RotateFunction.swift; sourceTree = "<group>"; };
		02B852EB2AC034BE005D7E9A /* FindTheIndexOfTheFirstOccurrenceInString .swift */ = {isa = PBXFileReference; lastKnownFileType = sourcecode.swift; path = "FindTheIndexOfTheFirstOccurrenceInString .swift"; sourceTree = "<group>"; };
		02B904C92AC3056900852D25 /* ReverseString.swift */ = {isa = PBXFileReference; lastKnownFileType = sourcecode.swift; path = ReverseString.swift; sourceTree = "<group>"; };
		02BCB4B52AC9A5D9006BC12A /* PlusOne.swift */ = {isa = PBXFileReference; lastKnownFileType = sourcecode.swift; path = PlusOne.swift; sourceTree = "<group>"; };
		02BDFD3E2AB894E9001920C3 /* LeetCode */ = {isa = PBXFileReference; explicitFileType = "compiled.mach-o.executable"; includeInIndex = 0; path = LeetCode; sourceTree = BUILT_PRODUCTS_DIR; };
		02BDFD412AB894E9001920C3 /* main.swift */ = {isa = PBXFileReference; lastKnownFileType = sourcecode.swift; path = main.swift; sourceTree = "<group>"; };
		02BFC7F72AC84F3400756D1F /* ContainsDuplicate2.swift */ = {isa = PBXFileReference; lastKnownFileType = sourcecode.swift; path = ContainsDuplicate2.swift; sourceTree = "<group>"; };
		02C0940A2ABB0DAF004DC55C /* ReverseVowelsOfString.swift */ = {isa = PBXFileReference; lastKnownFileType = sourcecode.swift; path = ReverseVowelsOfString.swift; sourceTree = "<group>"; };
		02C584A72AC5B31F00848BC9 /* SortIntegersByBits.swift */ = {isa = PBXFileReference; lastKnownFileType = sourcecode.swift; path = SortIntegersByBits.swift; sourceTree = "<group>"; };
		02CC98CE2ADED2820089B089 /* ShuffleTheArray.swift */ = {isa = PBXFileReference; lastKnownFileType = sourcecode.swift; path = ShuffleTheArray.swift; sourceTree = "<group>"; };
		02CD81372AC1853600D314FF /* IsSubsequence.swift */ = {isa = PBXFileReference; lastKnownFileType = sourcecode.swift; path = IsSubsequence.swift; sourceTree = "<group>"; };
		02CE02D72ABDB60D00036BC8 /* InsertGreatestCommonDivisorsinLinkedList .swift */ = {isa = PBXFileReference; lastKnownFileType = sourcecode.swift; path = "InsertGreatestCommonDivisorsinLinkedList .swift"; sourceTree = "<group>"; };
		02CE02D92ABDB95200036BC8 /* ArrangingCoins .swift */ = {isa = PBXFileReference; lastKnownFileType = sourcecode.swift; path = "ArrangingCoins .swift"; sourceTree = "<group>"; };
		02D686C42ADD5AD000470C44 /* JumpGame2.swift */ = {isa = PBXFileReference; lastKnownFileType = sourcecode.swift; path = JumpGame2.swift; sourceTree = "<group>"; };
		02DB81272AE15D870069A5A1 /* WordPattern.swift */ = {isa = PBXFileReference; lastKnownFileType = sourcecode.swift; path = WordPattern.swift; sourceTree = "<group>"; };
		02E20D722AF25B3C00956C7D /* ZigzagConversation.swift */ = {isa = PBXFileReference; lastKnownFileType = sourcecode.swift; path = ZigzagConversation.swift; sourceTree = "<group>"; };
		02E673F12AE68C48001E3B35 /* IntegerToRoman.swift */ = {isa = PBXFileReference; lastKnownFileType = sourcecode.swift; path = IntegerToRoman.swift; sourceTree = "<group>"; };
		02EC3D2D2ABAFB5500EEE708 /* RelativeRanks.swift */ = {isa = PBXFileReference; lastKnownFileType = sourcecode.swift; path = RelativeRanks.swift; sourceTree = "<group>"; };
		02EC3D2F2ABAFB7500EEE708 /* SummaryRanges.swift */ = {isa = PBXFileReference; lastKnownFileType = sourcecode.swift; path = SummaryRanges.swift; sourceTree = "<group>"; };
		02EC3D312ABAFBA800EEE708 /* BinarySearch.swift */ = {isa = PBXFileReference; lastKnownFileType = sourcecode.swift; path = BinarySearch.swift; sourceTree = "<group>"; };
		02EC3D332ABAFFAC00EEE708 /* IslandPerimeter .swift */ = {isa = PBXFileReference; lastKnownFileType = sourcecode.swift; path = "IslandPerimeter .swift"; sourceTree = "<group>"; };
		02EF632D2ACD7C570037F64F /* PalindromeNumber.swift */ = {isa = PBXFileReference; lastKnownFileType = sourcecode.swift; path = PalindromeNumber.swift; sourceTree = "<group>"; };
		02F7E0032ABC74110087D84B /* TwoSum.swift */ = {isa = PBXFileReference; lastKnownFileType = sourcecode.swift; path = TwoSum.swift; sourceTree = "<group>"; };
/* End PBXFileReference section */

/* Begin PBXFrameworksBuildPhase section */
		02BDFD3B2AB894E9001920C3 /* Frameworks */ = {
			isa = PBXFrameworksBuildPhase;
			buildActionMask = 2147483647;
			files = (
			);
			runOnlyForDeploymentPostprocessing = 0;
		};
/* End PBXFrameworksBuildPhase section */

/* Begin PBXGroup section */
		0202EF942AB9B5D4005B98AC /* Easy */ = {
			isa = PBXGroup;
			children = (
				02EC3D2D2ABAFB5500EEE708 /* RelativeRanks.swift */,
				02EC3D2F2ABAFB7500EEE708 /* SummaryRanges.swift */,
				02EC3D312ABAFBA800EEE708 /* BinarySearch.swift */,
				02EC3D332ABAFFAC00EEE708 /* IslandPerimeter .swift */,
				02C0940A2ABB0DAF004DC55C /* ReverseVowelsOfString.swift */,
				02F7E0032ABC74110087D84B /* TwoSum.swift */,
				02CE02D92ABDB95200036BC8 /* ArrangingCoins .swift */,
				02B852EB2AC034BE005D7E9A /* FindTheIndexOfTheFirstOccurrenceInString .swift */,
				02CD81372AC1853600D314FF /* IsSubsequence.swift */,
				02B904C92AC3056900852D25 /* ReverseString.swift */,
				02C584A72AC5B31F00848BC9 /* SortIntegersByBits.swift */,
				020A759C2AC6A559008292B4 /* LengthOfLastWord .swift */,
				020A759E2AC6A758008292B4 /* MajorityElement.swift */,
				020A75A22AC6AB84008292B4 /* SingleNumber.swift */,
				02BFC7F72AC84F3400756D1F /* ContainsDuplicate2.swift */,
				02BCB4B52AC9A5D9006BC12A /* PlusOne.swift */,
				02EF632D2ACD7C570037F64F /* PalindromeNumber.swift */,
				02CC98CE2ADED2820089B089 /* ShuffleTheArray.swift */,
				02DB81272AE15D870069A5A1 /* WordPattern.swift */,
				029D19E62AEE424A00B3DE66 /* PascalsTriangle.swift */,
			);
			path = Easy;
			sourceTree = "<group>";
		};
		0202EF952AB9B5E5005B98AC /* Medium */ = {
			isa = PBXGroup;
			children = (
				0202EF962AB9B5FC005B98AC /* HappyStudents.swift */,
				02CE02D72ABDB60D00036BC8 /* InsertGreatestCommonDivisorsinLinkedList .swift */,
				020A759A2AC69629008292B4 /* CoinChange.swift */,
				02B2A6502AD5A2FC001923C7 /* RotateFunction.swift */,
				02D686C42ADD5AD000470C44 /* JumpGame2.swift */,
				02E673F12AE68C48001E3B35 /* IntegerToRoman.swift */,
				02E20D722AF25B3C00956C7D /* ZigzagConversation.swift */,
			);
			path = Medium;
			sourceTree = "<group>";
		};
		02BDFD352AB894E9001920C3 = {
			isa = PBXGroup;
			children = (
				02BDFD402AB894E9001920C3 /* LeetCode */,
				02BDFD3F2AB894E9001920C3 /* Products */,
			);
			sourceTree = "<group>";
		};
		02BDFD3F2AB894E9001920C3 /* Products */ = {
			isa = PBXGroup;
			children = (
				02BDFD3E2AB894E9001920C3 /* LeetCode */,
			);
			name = Products;
			sourceTree = "<group>";
		};
		02BDFD402AB894E9001920C3 /* LeetCode */ = {
			isa = PBXGroup;
			children = (
				02BDFD412AB894E9001920C3 /* main.swift */,
				0202EF952AB9B5E5005B98AC /* Medium */,
				0202EF942AB9B5D4005B98AC /* Easy */,
			);
			path = LeetCode;
			sourceTree = "<group>";
		};
/* End PBXGroup section */

/* Begin PBXNativeTarget section */
		02BDFD3D2AB894E9001920C3 /* LeetCode */ = {
			isa = PBXNativeTarget;
			buildConfigurationList = 02BDFD452AB894E9001920C3 /* Build configuration list for PBXNativeTarget "LeetCode" */;
			buildPhases = (
				02BDFD3A2AB894E9001920C3 /* Sources */,
				02BDFD3B2AB894E9001920C3 /* Frameworks */,
				02BDFD3C2AB894E9001920C3 /* CopyFiles */,
			);
			buildRules = (
			);
			dependencies = (
			);
			name = LeetCode;
			productName = LeetCode;
			productReference = 02BDFD3E2AB894E9001920C3 /* LeetCode */;
			productType = "com.apple.product-type.tool";
		};
/* End PBXNativeTarget section */

/* Begin PBXProject section */
		02BDFD362AB894E9001920C3 /* Project object */ = {
			isa = PBXProject;
			attributes = {
				BuildIndependentTargetsInParallel = 1;
				LastSwiftUpdateCheck = 1420;
				LastUpgradeCheck = 1420;
				TargetAttributes = {
					02BDFD3D2AB894E9001920C3 = {
						CreatedOnToolsVersion = 14.2;
					};
				};
			};
			buildConfigurationList = 02BDFD392AB894E9001920C3 /* Build configuration list for PBXProject "LeetCode" */;
			compatibilityVersion = "Xcode 14.0";
			developmentRegion = en;
			hasScannedForEncodings = 0;
			knownRegions = (
				en,
				Base,
			);
			mainGroup = 02BDFD352AB894E9001920C3;
			productRefGroup = 02BDFD3F2AB894E9001920C3 /* Products */;
			projectDirPath = "";
			projectRoot = "";
			targets = (
				02BDFD3D2AB894E9001920C3 /* LeetCode */,
			);
		};
/* End PBXProject section */

/* Begin PBXSourcesBuildPhase section */
		02BDFD3A2AB894E9001920C3 /* Sources */ = {
			isa = PBXSourcesBuildPhase;
			buildActionMask = 2147483647;
			files = (
				02B852EC2AC034BE005D7E9A /* FindTheIndexOfTheFirstOccurrenceInString .swift in Sources */,
				020A759F2AC6A758008292B4 /* MajorityElement.swift in Sources */,
				02BCB4B62AC9A5D9006BC12A /* PlusOne.swift in Sources */,
				02BDFD422AB894E9001920C3 /* main.swift in Sources */,
				02CE02D82ABDB60D00036BC8 /* InsertGreatestCommonDivisorsinLinkedList .swift in Sources */,
				02E673F22AE68C48001E3B35 /* IntegerToRoman.swift in Sources */,
				02EC3D342ABAFFAC00EEE708 /* IslandPerimeter .swift in Sources */,
				02EC3D2E2ABAFB5500EEE708 /* RelativeRanks.swift in Sources */,
				020A75A32AC6AB84008292B4 /* SingleNumber.swift in Sources */,
				02CD81382AC1853600D314FF /* IsSubsequence.swift in Sources */,
				02EC3D322ABAFBA800EEE708 /* BinarySearch.swift in Sources */,
				02BFC7F82AC84F3400756D1F /* ContainsDuplicate2.swift in Sources */,
				02C0940B2ABB0DAF004DC55C /* ReverseVowelsOfString.swift in Sources */,
				02D686C52ADD5AD000470C44 /* JumpGame2.swift in Sources */,
				02E20D732AF25B3C00956C7D /* ZigzagConversation.swift in Sources */,
				02CC98CF2ADED2820089B089 /* ShuffleTheArray.swift in Sources */,
				02B904CA2AC3056900852D25 /* ReverseString.swift in Sources */,
				020A759D2AC6A559008292B4 /* LengthOfLastWord .swift in Sources */,
				02B2A6512AD5A2FC001923C7 /* RotateFunction.swift in Sources */,
				0202EF972AB9B5FC005B98AC /* HappyStudents.swift in Sources */,
				02EF632E2ACD7C570037F64F /* PalindromeNumber.swift in Sources */,
				02CE02DA2ABDB95200036BC8 /* ArrangingCoins .swift in Sources */,
				020A759B2AC69629008292B4 /* CoinChange.swift in Sources */,
				02F7E0042ABC74110087D84B /* TwoSum.swift in Sources */,
				02EC3D302ABAFB7500EEE708 /* SummaryRanges.swift in Sources */,
				02C584A82AC5B31F00848BC9 /* SortIntegersByBits.swift in Sources */,
				02DB81282AE15D870069A5A1 /* WordPattern.swift in Sources */,
				029D19E72AEE424A00B3DE66 /* PascalsTriangle.swift in Sources */,
			);
			runOnlyForDeploymentPostprocessing = 0;
		};
/* End PBXSourcesBuildPhase section */

/* Begin XCBuildConfiguration section */
		02BDFD432AB894E9001920C3 /* Debug */ = {
			isa = XCBuildConfiguration;
			buildSettings = {
				ALWAYS_SEARCH_USER_PATHS = NO;
				CLANG_ANALYZER_NONNULL = YES;
				CLANG_ANALYZER_NUMBER_OBJECT_CONVERSION = YES_AGGRESSIVE;
				CLANG_CXX_LANGUAGE_STANDARD = "gnu++20";
				CLANG_ENABLE_MODULES = YES;
				CLANG_ENABLE_OBJC_ARC = YES;
				CLANG_ENABLE_OBJC_WEAK = YES;
				CLANG_WARN_BLOCK_CAPTURE_AUTORELEASING = YES;
				CLANG_WARN_BOOL_CONVERSION = YES;
				CLANG_WARN_COMMA = YES;
				CLANG_WARN_CONSTANT_CONVERSION = YES;
				CLANG_WARN_DEPRECATED_OBJC_IMPLEMENTATIONS = YES;
				CLANG_WARN_DIRECT_OBJC_ISA_USAGE = YES_ERROR;
				CLANG_WARN_DOCUMENTATION_COMMENTS = YES;
				CLANG_WARN_EMPTY_BODY = YES;
				CLANG_WARN_ENUM_CONVERSION = YES;
				CLANG_WARN_INFINITE_RECURSION = YES;
				CLANG_WARN_INT_CONVERSION = YES;
				CLANG_WARN_NON_LITERAL_NULL_CONVERSION = YES;
				CLANG_WARN_OBJC_IMPLICIT_RETAIN_SELF = YES;
				CLANG_WARN_OBJC_LITERAL_CONVERSION = YES;
				CLANG_WARN_OBJC_ROOT_CLASS = YES_ERROR;
				CLANG_WARN_QUOTED_INCLUDE_IN_FRAMEWORK_HEADER = YES;
				CLANG_WARN_RANGE_LOOP_ANALYSIS = YES;
				CLANG_WARN_STRICT_PROTOTYPES = YES;
				CLANG_WARN_SUSPICIOUS_MOVE = YES;
				CLANG_WARN_UNGUARDED_AVAILABILITY = YES_AGGRESSIVE;
				CLANG_WARN_UNREACHABLE_CODE = YES;
				CLANG_WARN__DUPLICATE_METHOD_MATCH = YES;
				COPY_PHASE_STRIP = NO;
				DEBUG_INFORMATION_FORMAT = dwarf;
				ENABLE_STRICT_OBJC_MSGSEND = YES;
				ENABLE_TESTABILITY = YES;
				GCC_C_LANGUAGE_STANDARD = gnu11;
				GCC_DYNAMIC_NO_PIC = NO;
				GCC_NO_COMMON_BLOCKS = YES;
				GCC_OPTIMIZATION_LEVEL = 0;
				GCC_PREPROCESSOR_DEFINITIONS = (
					"DEBUG=1",
					"$(inherited)",
				);
				GCC_WARN_64_TO_32_BIT_CONVERSION = YES;
				GCC_WARN_ABOUT_RETURN_TYPE = YES_ERROR;
				GCC_WARN_UNDECLARED_SELECTOR = YES;
				GCC_WARN_UNINITIALIZED_AUTOS = YES_AGGRESSIVE;
				GCC_WARN_UNUSED_FUNCTION = YES;
				GCC_WARN_UNUSED_VARIABLE = YES;
				MACOSX_DEPLOYMENT_TARGET = 13.1;
				MTL_ENABLE_DEBUG_INFO = INCLUDE_SOURCE;
				MTL_FAST_MATH = YES;
				ONLY_ACTIVE_ARCH = YES;
				SDKROOT = macosx;
				SWIFT_ACTIVE_COMPILATION_CONDITIONS = DEBUG;
				SWIFT_OPTIMIZATION_LEVEL = "-Onone";
			};
			name = Debug;
		};
		02BDFD442AB894E9001920C3 /* Release */ = {
			isa = XCBuildConfiguration;
			buildSettings = {
				ALWAYS_SEARCH_USER_PATHS = NO;
				CLANG_ANALYZER_NONNULL = YES;
				CLANG_ANALYZER_NUMBER_OBJECT_CONVERSION = YES_AGGRESSIVE;
				CLANG_CXX_LANGUAGE_STANDARD = "gnu++20";
				CLANG_ENABLE_MODULES = YES;
				CLANG_ENABLE_OBJC_ARC = YES;
				CLANG_ENABLE_OBJC_WEAK = YES;
				CLANG_WARN_BLOCK_CAPTURE_AUTORELEASING = YES;
				CLANG_WARN_BOOL_CONVERSION = YES;
				CLANG_WARN_COMMA = YES;
				CLANG_WARN_CONSTANT_CONVERSION = YES;
				CLANG_WARN_DEPRECATED_OBJC_IMPLEMENTATIONS = YES;
				CLANG_WARN_DIRECT_OBJC_ISA_USAGE = YES_ERROR;
				CLANG_WARN_DOCUMENTATION_COMMENTS = YES;
				CLANG_WARN_EMPTY_BODY = YES;
				CLANG_WARN_ENUM_CONVERSION = YES;
				CLANG_WARN_INFINITE_RECURSION = YES;
				CLANG_WARN_INT_CONVERSION = YES;
				CLANG_WARN_NON_LITERAL_NULL_CONVERSION = YES;
				CLANG_WARN_OBJC_IMPLICIT_RETAIN_SELF = YES;
				CLANG_WARN_OBJC_LITERAL_CONVERSION = YES;
				CLANG_WARN_OBJC_ROOT_CLASS = YES_ERROR;
				CLANG_WARN_QUOTED_INCLUDE_IN_FRAMEWORK_HEADER = YES;
				CLANG_WARN_RANGE_LOOP_ANALYSIS = YES;
				CLANG_WARN_STRICT_PROTOTYPES = YES;
				CLANG_WARN_SUSPICIOUS_MOVE = YES;
				CLANG_WARN_UNGUARDED_AVAILABILITY = YES_AGGRESSIVE;
				CLANG_WARN_UNREACHABLE_CODE = YES;
				CLANG_WARN__DUPLICATE_METHOD_MATCH = YES;
				COPY_PHASE_STRIP = NO;
				DEBUG_INFORMATION_FORMAT = "dwarf-with-dsym";
				ENABLE_NS_ASSERTIONS = NO;
				ENABLE_STRICT_OBJC_MSGSEND = YES;
				GCC_C_LANGUAGE_STANDARD = gnu11;
				GCC_NO_COMMON_BLOCKS = YES;
				GCC_WARN_64_TO_32_BIT_CONVERSION = YES;
				GCC_WARN_ABOUT_RETURN_TYPE = YES_ERROR;
				GCC_WARN_UNDECLARED_SELECTOR = YES;
				GCC_WARN_UNINITIALIZED_AUTOS = YES_AGGRESSIVE;
				GCC_WARN_UNUSED_FUNCTION = YES;
				GCC_WARN_UNUSED_VARIABLE = YES;
				MACOSX_DEPLOYMENT_TARGET = 13.1;
				MTL_ENABLE_DEBUG_INFO = NO;
				MTL_FAST_MATH = YES;
				SDKROOT = macosx;
				SWIFT_COMPILATION_MODE = wholemodule;
				SWIFT_OPTIMIZATION_LEVEL = "-O";
			};
			name = Release;
		};
		02BDFD462AB894E9001920C3 /* Debug */ = {
			isa = XCBuildConfiguration;
			buildSettings = {
				CODE_SIGN_STYLE = Automatic;
				DEVELOPMENT_TEAM = 9U3GTR786Y;
				ENABLE_HARDENED_RUNTIME = YES;
				PRODUCT_NAME = "$(TARGET_NAME)";
				SWIFT_VERSION = 5.0;
			};
			name = Debug;
		};
		02BDFD472AB894E9001920C3 /* Release */ = {
			isa = XCBuildConfiguration;
			buildSettings = {
				CODE_SIGN_STYLE = Automatic;
				DEVELOPMENT_TEAM = 9U3GTR786Y;
				ENABLE_HARDENED_RUNTIME = YES;
				PRODUCT_NAME = "$(TARGET_NAME)";
				SWIFT_VERSION = 5.0;
			};
			name = Release;
		};
/* End XCBuildConfiguration section */

/* Begin XCConfigurationList section */
		02BDFD392AB894E9001920C3 /* Build configuration list for PBXProject "LeetCode" */ = {
			isa = XCConfigurationList;
			buildConfigurations = (
				02BDFD432AB894E9001920C3 /* Debug */,
				02BDFD442AB894E9001920C3 /* Release */,
			);
			defaultConfigurationIsVisible = 0;
			defaultConfigurationName = Release;
		};
		02BDFD452AB894E9001920C3 /* Build configuration list for PBXNativeTarget "LeetCode" */ = {
			isa = XCConfigurationList;
			buildConfigurations = (
				02BDFD462AB894E9001920C3 /* Debug */,
				02BDFD472AB894E9001920C3 /* Release */,
			);
			defaultConfigurationIsVisible = 0;
			defaultConfigurationName = Release;
		};
/* End XCConfigurationList section */
	};
	rootObject = 02BDFD362AB894E9001920C3 /* Project object */;
}
